{
  "object": {
    "pins": [
      {
        "package": "NonEmpty",
        "repositoryURL": "https://github.com/pointfreeco/swift-nonempty.git",
        "state": {
          "branch": null,
          "revision": "57e42477177bee239d97a7fdcbc5264da47f2344",
          "version": "0.1.0"
        }
      }
    ]
  },
  "version": 1
}
