// !$*UTF8*$!
{
	archiveVersion = 1;
	classes = {
	};
	objectVersion = 46;
	objects = {

/* Begin PBXBuildFile section */
		BF_02DC7DF8A432C98FF7F7B24A4CBEF07F /* Validated.framework in Frameworks */ = {isa = PBXBuildFile; fileRef = FR_AD375B9A2C4BCBD83D632D9B0F5FE7C7 /* Validated.framework */; };
		BF_055681634B32DFC9C447B6DF33DA6832 /* Validated.framework in Frameworks */ = {isa = PBXBuildFile; fileRef = FR_F36B0074B71C1B7ED99543562A055A3D /* Validated.framework */; };
		BF_0F87A651F53E5F663E1320F7921B5030 /* Validated.framework in Embed Frameworks */ = {isa = PBXBuildFile; fileRef = FR_9238351AD5C45954C42E73D4ACAD8F35 /* Validated.framework */; settings = {ATTRIBUTES = (CodeSignOnCopy, RemoveHeadersOnCopy, ); }; };
		BF_138F8F668FD2DA269E173937994B54C5 /* Validated.framework in Frameworks */ = {isa = PBXBuildFile; fileRef = FR_9238351AD5C45954C42E73D4ACAD8F35 /* Validated.framework */; };
		BF_30772F81F58927BD1F9E6AAB8DC2E4FD /* Validated.framework in Embed Frameworks */ = {isa = PBXBuildFile; fileRef = FR_F36B0074B71C1B7ED99543562A055A3D /* Validated.framework */; settings = {ATTRIBUTES = (CodeSignOnCopy, RemoveHeadersOnCopy, ); }; };
		BF_4492B9F8A8FFF131D12225A9D62F3FCE /* Validated.swift in Sources */ = {isa = PBXBuildFile; fileRef = FR_6CB21F9E5E5C9FB7CD48C9473C6F148D /* Validated.swift */; };
		BF_5C707EC50A0D9F1B2563FC65CFBC09F9 /* Validated.framework in Frameworks */ = {isa = PBXBuildFile; fileRef = FR_B0DFD65E6F2ACF7DEDA437BCDD42E76A /* Validated.framework */; };
		BF_5D7B5BF35E375A96AC0EF2524809BB41 /* Validated.swift in Sources */ = {isa = PBXBuildFile; fileRef = FR_6CB21F9E5E5C9FB7CD48C9473C6F148D /* Validated.swift */; };
		BF_623AAEF3491F52EFCE0580C5586A0A2F /* NonEmpty.framework in Frameworks */ = {isa = PBXBuildFile; fileRef = FR_30912D98B342FCE3C1FCCA1BA895B441 /* NonEmpty.framework */; };
		BF_659F105660F0FD5B1F7CBF3D6BCAB1E6 /* Zips.swift in Sources */ = {isa = PBXBuildFile; fileRef = FR_1824AC4FEA4797633EA02ED40C607A22 /* Zips.swift */; };
		BF_7772900F3DC433135EDD2DFEADD75268 /* Validated.swift in Sources */ = {isa = PBXBuildFile; fileRef = FR_6CB21F9E5E5C9FB7CD48C9473C6F148D /* Validated.swift */; };
		BF_8115A83D787C5999ED57CFCDCBC78A61 /* Zips.swift in Sources */ = {isa = PBXBuildFile; fileRef = FR_1824AC4FEA4797633EA02ED40C607A22 /* Zips.swift */; };
		BF_89EBE5AFE316DF5033FE06EE2A98DD27 /* NonEmpty.framework in Frameworks */ = {isa = PBXBuildFile; fileRef = FR_30912D98B342FCE3C1FCCA1BA895B441 /* NonEmpty.framework */; };
		BF_98B52DD80981E180BDED1D9B670ABD47 /* Validated.swift in Sources */ = {isa = PBXBuildFile; fileRef = FR_6CB21F9E5E5C9FB7CD48C9473C6F148D /* Validated.swift */; };
		BF_9C28B85447FB2F871DC6DBBA98DD4F10 /* Zips.swift in Sources */ = {isa = PBXBuildFile; fileRef = FR_1824AC4FEA4797633EA02ED40C607A22 /* Zips.swift */; };
		BF_9DE529102C833AE740E94F0A04F013A7 /* NonEmpty.framework in Frameworks */ = {isa = PBXBuildFile; fileRef = FR_30912D98B342FCE3C1FCCA1BA895B441 /* NonEmpty.framework */; };
		BF_A38AE5771FCBC542E28628791A55713C /* Validated.framework in Embed Frameworks */ = {isa = PBXBuildFile; fileRef = FR_AD375B9A2C4BCBD83D632D9B0F5FE7C7 /* Validated.framework */; settings = {ATTRIBUTES = (CodeSignOnCopy, RemoveHeadersOnCopy, ); }; };
		BF_A41917F67A1ED3D245B3E574FA02256B /* ValidatedTests.swift in Sources */ = {isa = PBXBuildFile; fileRef = FR_F06AD51FCEF41A62A0BD4683D8427489 /* ValidatedTests.swift */; };
		BF_A88DC14F78C90B8C68223D8F187EA2DF /* ValidatedTests.swift in Sources */ = {isa = PBXBuildFile; fileRef = FR_F06AD51FCEF41A62A0BD4683D8427489 /* ValidatedTests.swift */; };
		BF_C0E81A7E10221303495C9DB1A73010E0 /* Validated.framework in Embed Frameworks */ = {isa = PBXBuildFile; fileRef = FR_B0DFD65E6F2ACF7DEDA437BCDD42E76A /* Validated.framework */; settings = {ATTRIBUTES = (CodeSignOnCopy, RemoveHeadersOnCopy, ); }; };
		BF_C4FAC67C184F51028A7F5A225B257DDC /* NonEmpty.framework in Frameworks */ = {isa = PBXBuildFile; fileRef = FR_30912D98B342FCE3C1FCCA1BA895B441 /* NonEmpty.framework */; };
		BF_DB6871C83E284D4B9EBE6C19AD5CB995 /* ValidatedTests.swift in Sources */ = {isa = PBXBuildFile; fileRef = FR_F06AD51FCEF41A62A0BD4683D8427489 /* ValidatedTests.swift */; };
		BF_E3EC4A3119B92EF7D90B369DBF4068D7 /* Zips.swift in Sources */ = {isa = PBXBuildFile; fileRef = FR_1824AC4FEA4797633EA02ED40C607A22 /* Zips.swift */; };
		BF_E91CC5BE32C2570527FAE501E3292591 /* ValidatedTests.swift in Sources */ = {isa = PBXBuildFile; fileRef = FR_F06AD51FCEF41A62A0BD4683D8427489 /* ValidatedTests.swift */; };
/* End PBXBuildFile section */

/* Begin PBXContainerItemProxy section */
		CIP_0E9FE550CECC1C4CBD3E51D1C7E8BF16 /* PBXContainerItemProxy */ = {
			isa = PBXContainerItemProxy;
			containerPortal = P_92E73387E7E243C4CAC04F59E320A703 /* Project object */;
			proxyType = 1;
			remoteGlobalIDString = NT_000682CC36DF8BCA8CE98DA92C2B371F;
			remoteInfo = Validated_iOS;
		};
		CIP_36379551E3186D2F0D351C2E773703C1 /* PBXContainerItemProxy */ = {
			isa = PBXContainerItemProxy;
			containerPortal = P_92E73387E7E243C4CAC04F59E320A703 /* Project object */;
			proxyType = 1;
			remoteGlobalIDString = NT_63A10102A53AFC969FC9D2C167C6FBF3;
			remoteInfo = Validated_tvOS;
		};
		CIP_3B359A4A9448F0DFC589C1B12CF19B7C /* PBXContainerItemProxy */ = {
			isa = PBXContainerItemProxy;
			containerPortal = P_92E73387E7E243C4CAC04F59E320A703 /* Project object */;
			proxyType = 1;
			remoteGlobalIDString = NT_3E733A3DF60B0E0FE0D6C897B9B8949D;
			remoteInfo = Validated_watchOS;
		};
		CIP_78F73385DF90DC5307E7E8EBB1BD7706 /* PBXContainerItemProxy */ = {
			isa = PBXContainerItemProxy;
			containerPortal = P_92E73387E7E243C4CAC04F59E320A703 /* Project object */;
			proxyType = 1;
			remoteGlobalIDString = NT_46EC7BB02534E219BD78AD1B67ADECEA;
			remoteInfo = Validated_macOS;
		};
/* End PBXContainerItemProxy section */

/* Begin PBXCopyFilesBuildPhase section */
		CFBP_62960B3C0C3C60367B965471F10AEC9D /* Embed Frameworks */ = {
			isa = PBXCopyFilesBuildPhase;
			buildActionMask = 2147483647;
			dstPath = "";
			dstSubfolderSpec = 10;
			files = (
				BF_0F87A651F53E5F663E1320F7921B5030 /* Validated.framework in Embed Frameworks */,
			);
			name = "Embed Frameworks";
			runOnlyForDeploymentPostprocessing = 0;
		};
		CFBP_84507B9DC38BDC4226FF272606CC06CE /* Embed Frameworks */ = {
			isa = PBXCopyFilesBuildPhase;
			buildActionMask = 2147483647;
			dstPath = "";
			dstSubfolderSpec = 10;
			files = (
				BF_30772F81F58927BD1F9E6AAB8DC2E4FD /* Validated.framework in Embed Frameworks */,
			);
			name = "Embed Frameworks";
			runOnlyForDeploymentPostprocessing = 0;
		};
		CFBP_8B21B4822F575D8BC11D3FB8149B37FD /* Embed Frameworks */ = {
			isa = PBXCopyFilesBuildPhase;
			buildActionMask = 2147483647;
			dstPath = "";
			dstSubfolderSpec = 10;
			files = (
				BF_A38AE5771FCBC542E28628791A55713C /* Validated.framework in Embed Frameworks */,
			);
			name = "Embed Frameworks";
			runOnlyForDeploymentPostprocessing = 0;
		};
		CFBP_B0F37423E200ECAA3D76C0A9EA991E20 /* Embed Frameworks */ = {
			isa = PBXCopyFilesBuildPhase;
			buildActionMask = 2147483647;
			dstPath = "";
			dstSubfolderSpec = 10;
			files = (
				BF_C0E81A7E10221303495C9DB1A73010E0 /* Validated.framework in Embed Frameworks */,
			);
			name = "Embed Frameworks";
			runOnlyForDeploymentPostprocessing = 0;
		};
/* End PBXCopyFilesBuildPhase section */

/* Begin PBXFileReference section */
		FR_0E0B0BB9BFA20DA350A8FF1CC040F285 /* ValidatedTests.xctest */ = {isa = PBXFileReference; explicitFileType = wrapper.cfbundle; includeInIndex = 0; path = ValidatedTests.xctest; sourceTree = BUILT_PRODUCTS_DIR; };
		FR_0ED182BC07F267A9F2E9C2854B6637A8 /* ValidatedTests.xctest */ = {isa = PBXFileReference; includeInIndex = 0; lastKnownFileType = wrapper.cfbundle; path = ValidatedTests.xctest; sourceTree = BUILT_PRODUCTS_DIR; };
		FR_1824AC4FEA4797633EA02ED40C607A22 /* Zips.swift */ = {isa = PBXFileReference; lastKnownFileType = sourcecode.swift; path = Zips.swift; sourceTree = "<group>"; };
		FR_30912D98B342FCE3C1FCCA1BA895B441 /* NonEmpty.framework */ = {isa = PBXFileReference; lastKnownFileType = wrapper.framework; path = NonEmpty.framework; sourceTree = BUILT_PRODUCTS_DIR; };
		FR_66E89A06EEF1856BD0186F2347ABE4FC /* ValidatedTests.xctest */ = {isa = PBXFileReference; includeInIndex = 0; lastKnownFileType = wrapper.cfbundle; path = ValidatedTests.xctest; sourceTree = BUILT_PRODUCTS_DIR; };
		FR_6CB21F9E5E5C9FB7CD48C9473C6F148D /* Validated.swift */ = {isa = PBXFileReference; lastKnownFileType = sourcecode.swift; path = Validated.swift; sourceTree = "<group>"; };
		FR_8203413E1905EF693C354B4C02D6E187 /* ValidatedTests.xctest */ = {isa = PBXFileReference; explicitFileType = wrapper.cfbundle; includeInIndex = 0; path = ValidatedTests.xctest; sourceTree = BUILT_PRODUCTS_DIR; };
		FR_9238351AD5C45954C42E73D4ACAD8F35 /* Validated.framework */ = {isa = PBXFileReference; explicitFileType = wrapper.framework; includeInIndex = 0; path = Validated.framework; sourceTree = BUILT_PRODUCTS_DIR; };
		FR_AD375B9A2C4BCBD83D632D9B0F5FE7C7 /* Validated.framework */ = {isa = PBXFileReference; explicitFileType = wrapper.framework; includeInIndex = 0; path = Validated.framework; sourceTree = BUILT_PRODUCTS_DIR; };
		FR_B0DFD65E6F2ACF7DEDA437BCDD42E76A /* Validated.framework */ = {isa = PBXFileReference; explicitFileType = wrapper.framework; includeInIndex = 0; path = Validated.framework; sourceTree = BUILT_PRODUCTS_DIR; };
		FR_F06AD51FCEF41A62A0BD4683D8427489 /* ValidatedTests.swift */ = {isa = PBXFileReference; lastKnownFileType = sourcecode.swift; path = ValidatedTests.swift; sourceTree = "<group>"; };
		FR_F36B0074B71C1B7ED99543562A055A3D /* Validated.framework */ = {isa = PBXFileReference; explicitFileType = wrapper.framework; includeInIndex = 0; path = Validated.framework; sourceTree = BUILT_PRODUCTS_DIR; };
/* End PBXFileReference section */

/* Begin PBXFrameworksBuildPhase section */
		FBP_1D29833DDA0AACF47FC5B7902E77C46B /* Frameworks */ = {
			isa = PBXFrameworksBuildPhase;
			buildActionMask = 2147483647;
			files = (
				BF_138F8F668FD2DA269E173937994B54C5 /* Validated.framework in Frameworks */,
			);
			runOnlyForDeploymentPostprocessing = 0;
		};
		FBP_3EB22E2CE7D314A7CAD3A5D44A5531B7 /* Frameworks */ = {
			isa = PBXFrameworksBuildPhase;
			buildActionMask = 2147483647;
			files = (
				BF_02DC7DF8A432C98FF7F7B24A4CBEF07F /* Validated.framework in Frameworks */,
			);
			runOnlyForDeploymentPostprocessing = 0;
		};
		FBP_4E397B0BFB21B34E709C1DBDDAC320EF /* Frameworks */ = {
			isa = PBXFrameworksBuildPhase;
			buildActionMask = 2147483647;
			files = (
				BF_5C707EC50A0D9F1B2563FC65CFBC09F9 /* Validated.framework in Frameworks */,
			);
			runOnlyForDeploymentPostprocessing = 0;
		};
		FBP_4EDCC0AE56A739E3515B3ADF4E4337EB /* Frameworks */ = {
			isa = PBXFrameworksBuildPhase;
			buildActionMask = 2147483647;
			files = (
				BF_055681634B32DFC9C447B6DF33DA6832 /* Validated.framework in Frameworks */,
			);
			runOnlyForDeploymentPostprocessing = 0;
		};
		FBP_543965312036558F0AF9E9B41A6AE3B3 /* Frameworks */ = {
			isa = PBXFrameworksBuildPhase;
			buildActionMask = 2147483647;
			files = (
				BF_623AAEF3491F52EFCE0580C5586A0A2F /* NonEmpty.framework in Frameworks */,
			);
			runOnlyForDeploymentPostprocessing = 0;
		};
		FBP_68C179B3A140702D8B723997C7DADE6D /* Frameworks */ = {
			isa = PBXFrameworksBuildPhase;
			buildActionMask = 2147483647;
			files = (
				BF_9DE529102C833AE740E94F0A04F013A7 /* NonEmpty.framework in Frameworks */,
			);
			runOnlyForDeploymentPostprocessing = 0;
		};
		FBP_9B0A4FA90E25A670C3CA6282334C8E6F /* Frameworks */ = {
			isa = PBXFrameworksBuildPhase;
			buildActionMask = 2147483647;
			files = (
				BF_89EBE5AFE316DF5033FE06EE2A98DD27 /* NonEmpty.framework in Frameworks */,
			);
			runOnlyForDeploymentPostprocessing = 0;
		};
		FBP_AA4C07ABFF2165505A004F2F729082D0 /* Frameworks */ = {
			isa = PBXFrameworksBuildPhase;
			buildActionMask = 2147483647;
			files = (
				BF_C4FAC67C184F51028A7F5A225B257DDC /* NonEmpty.framework in Frameworks */,
			);
			runOnlyForDeploymentPostprocessing = 0;
		};
/* End PBXFrameworksBuildPhase section */

/* Begin PBXGroup section */
		G_028A2379929D6B7E50836EB7FD984E6C /* Frameworks */ = {
			isa = PBXGroup;
			children = (
				FR_30912D98B342FCE3C1FCCA1BA895B441 /* NonEmpty.framework */,
			);
			name = Frameworks;
			sourceTree = "<group>";
		};
		G_26CB7E2F779B50BEB3DA38DCD439A2C1 /* Sources */ = {
			isa = PBXGroup;
			children = (
				G_87D159B239E87A1CEF8875FA046618E8 /* Validated */,
			);
			path = Sources;
			sourceTree = "<group>";
		};
		G_87D159B239E87A1CEF8875FA046618E8 /* Validated */ = {
			isa = PBXGroup;
			children = (
				FR_6CB21F9E5E5C9FB7CD48C9473C6F148D /* Validated.swift */,
				FR_1824AC4FEA4797633EA02ED40C607A22 /* Zips.swift */,
			);
			path = Validated;
			sourceTree = "<group>";
		};
		G_8DAD6E0956F2EFED4C8B45A9F07C1A23 = {
			isa = PBXGroup;
			children = (
				G_26CB7E2F779B50BEB3DA38DCD439A2C1 /* Sources */,
				G_CC71742F85BABBAC3684AE85754E7E81 /* Tests */,
				G_028A2379929D6B7E50836EB7FD984E6C /* Frameworks */,
				G_D5FBD0FA43CBFF787934A0A39FB62BFF /* Products */,
			);
			indentWidth = 2;
			sourceTree = "<group>";
			tabWidth = 2;
			usesTabs = 0;
		};
		G_BB8F11EEAC11237374FAA05176ADDD68 /* ValidatedTests */ = {
			isa = PBXGroup;
			children = (
				FR_F06AD51FCEF41A62A0BD4683D8427489 /* ValidatedTests.swift */,
			);
			path = ValidatedTests;
			sourceTree = "<group>";
		};
		G_CC71742F85BABBAC3684AE85754E7E81 /* Tests */ = {
			isa = PBXGroup;
			children = (
				G_BB8F11EEAC11237374FAA05176ADDD68 /* ValidatedTests */,
			);
			path = Tests;
			sourceTree = "<group>";
		};
		G_D5FBD0FA43CBFF787934A0A39FB62BFF /* Products */ = {
			isa = PBXGroup;
			children = (
				FR_F36B0074B71C1B7ED99543562A055A3D /* Validated.framework */,
				FR_B0DFD65E6F2ACF7DEDA437BCDD42E76A /* Validated.framework */,
				FR_AD375B9A2C4BCBD83D632D9B0F5FE7C7 /* Validated.framework */,
				FR_9238351AD5C45954C42E73D4ACAD8F35 /* Validated.framework */,
				FR_0ED182BC07F267A9F2E9C2854B6637A8 /* ValidatedTests.xctest */,
				FR_8203413E1905EF693C354B4C02D6E187 /* ValidatedTests.xctest */,
				FR_66E89A06EEF1856BD0186F2347ABE4FC /* ValidatedTests.xctest */,
				FR_0E0B0BB9BFA20DA350A8FF1CC040F285 /* ValidatedTests.xctest */,
			);
			name = Products;
			sourceTree = "<group>";
		};
/* End PBXGroup section */

/* Begin PBXNativeTarget section */
		NT_000682CC36DF8BCA8CE98DA92C2B371F /* Validated_iOS */ = {
			isa = PBXNativeTarget;
			buildConfigurationList = CL_5EA9EB3C7296B0474C62C66765484F27 /* Build configuration list for PBXNativeTarget "Validated_iOS" */;
			buildPhases = (
				SBP_A753EDC736703DE9872C70C3C6406CEE /* Sources */,
				FBP_AA4C07ABFF2165505A004F2F729082D0 /* Frameworks */,
			);
			buildRules = (
			);
			dependencies = (
			);
			name = Validated_iOS;
			productName = Validated_iOS;
			productReference = FR_F36B0074B71C1B7ED99543562A055A3D /* Validated.framework */;
			productType = "com.apple.product-type.framework";
		};
		NT_24A620DD29F4BBC27F8DE9301D3BAF84 /* ValidatedTests_macOS */ = {
			isa = PBXNativeTarget;
			buildConfigurationList = CL_DB45E173DF80536FAEC152E6F89048F0 /* Build configuration list for PBXNativeTarget "ValidatedTests_macOS" */;
			buildPhases = (
				SBP_C4409C7670E73700859E59B87111565C /* Sources */,
				FBP_4E397B0BFB21B34E709C1DBDDAC320EF /* Frameworks */,
				CFBP_B0F37423E200ECAA3D76C0A9EA991E20 /* Embed Frameworks */,
			);
			buildRules = (
			);
			dependencies = (
				TD_6B2AC4779307FA4638038BF23F0AB6E2 /* PBXTargetDependency */,
			);
			name = ValidatedTests_macOS;
			productName = ValidatedTests_macOS;
			productReference = FR_8203413E1905EF693C354B4C02D6E187 /* ValidatedTests.xctest */;
			productType = "com.apple.product-type.bundle.unit-test";
		};
		NT_3E733A3DF60B0E0FE0D6C897B9B8949D /* Validated_watchOS */ = {
			isa = PBXNativeTarget;
			buildConfigurationList = CL_6EA946D89A8F611B0D9736C1944E528E /* Build configuration list for PBXNativeTarget "Validated_watchOS" */;
			buildPhases = (
				SBP_1A438F9EC4BC7845BD825663763DF862 /* Sources */,
				FBP_68C179B3A140702D8B723997C7DADE6D /* Frameworks */,
			);
			buildRules = (
			);
			dependencies = (
			);
			name = Validated_watchOS;
			productName = Validated_watchOS;
			productReference = FR_9238351AD5C45954C42E73D4ACAD8F35 /* Validated.framework */;
			productType = "com.apple.product-type.framework";
		};
		NT_46EC7BB02534E219BD78AD1B67ADECEA /* Validated_macOS */ = {
			isa = PBXNativeTarget;
			buildConfigurationList = CL_6E2E9EC98AE59844F58DB7CD27AE9AA3 /* Build configuration list for PBXNativeTarget "Validated_macOS" */;
			buildPhases = (
				SBP_A1F9D8C593BC9A8C694418DE374C8EAC /* Sources */,
				FBP_9B0A4FA90E25A670C3CA6282334C8E6F /* Frameworks */,
			);
			buildRules = (
			);
			dependencies = (
			);
			name = Validated_macOS;
			productName = Validated_macOS;
			productReference = FR_B0DFD65E6F2ACF7DEDA437BCDD42E76A /* Validated.framework */;
			productType = "com.apple.product-type.framework";
		};
		NT_629980D612CA09D304B34E5203BF7D61 /* ValidatedTests_iOS */ = {
			isa = PBXNativeTarget;
			buildConfigurationList = CL_11F6FD272B7B34FCBD825D01A6D4C955 /* Build configuration list for PBXNativeTarget "ValidatedTests_iOS" */;
			buildPhases = (
				SBP_70C364D72D05C19C9F8A8F022BEA0DA5 /* Sources */,
				FBP_4EDCC0AE56A739E3515B3ADF4E4337EB /* Frameworks */,
				CFBP_84507B9DC38BDC4226FF272606CC06CE /* Embed Frameworks */,
			);
			buildRules = (
			);
			dependencies = (
				TD_5639AA8E9D4CCB1DAAD9F620BC5B37BC /* PBXTargetDependency */,
			);
			name = ValidatedTests_iOS;
			productName = ValidatedTests_iOS;
			productReference = FR_0ED182BC07F267A9F2E9C2854B6637A8 /* ValidatedTests.xctest */;
			productType = "com.apple.product-type.bundle.unit-test";
		};
		NT_63A10102A53AFC969FC9D2C167C6FBF3 /* Validated_tvOS */ = {
			isa = PBXNativeTarget;
			buildConfigurationList = CL_4EEAEDF90B34E4E576AAC830C0875CB3 /* Build configuration list for PBXNativeTarget "Validated_tvOS" */;
			buildPhases = (
				SBP_68D9F96513C2DE522F42608499C2070F /* Sources */,
				FBP_543965312036558F0AF9E9B41A6AE3B3 /* Frameworks */,
			);
			buildRules = (
			);
			dependencies = (
			);
			name = Validated_tvOS;
			productName = Validated_tvOS;
			productReference = FR_AD375B9A2C4BCBD83D632D9B0F5FE7C7 /* Validated.framework */;
			productType = "com.apple.product-type.framework";
		};
		NT_C7204C7F929ACBE4F1DA8EEAA4FFA4B9 /* ValidatedTests_watchOS */ = {
			isa = PBXNativeTarget;
			buildConfigurationList = CL_267FB8B7EEC5D8D030AD3A0490322BD2 /* Build configuration list for PBXNativeTarget "ValidatedTests_watchOS" */;
			buildPhases = (
				SBP_4106901B092D53442B57C4DF11D1DB49 /* Sources */,
				FBP_1D29833DDA0AACF47FC5B7902E77C46B /* Frameworks */,
				CFBP_62960B3C0C3C60367B965471F10AEC9D /* Embed Frameworks */,
			);
			buildRules = (
			);
			dependencies = (
				TD_1D3B912D6C9F57D29BDC8D7DC711DF6C /* PBXTargetDependency */,
			);
			name = ValidatedTests_watchOS;
			productName = ValidatedTests_watchOS;
			productReference = FR_0E0B0BB9BFA20DA350A8FF1CC040F285 /* ValidatedTests.xctest */;
			productType = "com.apple.product-type.bundle.unit-test";
		};
		NT_DD0357B6683A50357907B8E4ACAEC25A /* ValidatedTests_tvOS */ = {
			isa = PBXNativeTarget;
			buildConfigurationList = CL_B4669506208DB178C97AC5AE07AEF58F /* Build configuration list for PBXNativeTarget "ValidatedTests_tvOS" */;
			buildPhases = (
				SBP_FF9D204E440293233E577821C1F4248E /* Sources */,
				FBP_3EB22E2CE7D314A7CAD3A5D44A5531B7 /* Frameworks */,
				CFBP_8B21B4822F575D8BC11D3FB8149B37FD /* Embed Frameworks */,
			);
			buildRules = (
			);
			dependencies = (
				TD_D7222FEE6737B2E173EB066D5B6EC42B /* PBXTargetDependency */,
			);
			name = ValidatedTests_tvOS;
			productName = ValidatedTests_tvOS;
			productReference = FR_66E89A06EEF1856BD0186F2347ABE4FC /* ValidatedTests.xctest */;
			productType = "com.apple.product-type.bundle.unit-test";
		};
/* End PBXNativeTarget section */

/* Begin PBXProject section */
		P_92E73387E7E243C4CAC04F59E320A703 /* Project object */ = {
			isa = PBXProject;
			attributes = {
				LastUpgradeCheck = 1000;
			};
			buildConfigurationList = CL_2CFCB01590FCDBDCBD72646AEACA35F8 /* Build configuration list for PBXProject "Validated" */;
			compatibilityVersion = "Xcode 3.2";
			developmentRegion = en;
			hasScannedForEncodings = 0;
			knownRegions = (
				en,
			);
			mainGroup = G_8DAD6E0956F2EFED4C8B45A9F07C1A23;
			projectDirPath = "";
			projectRoot = "";
			targets = (
				NT_629980D612CA09D304B34E5203BF7D61 /* ValidatedTests_iOS */,
				NT_24A620DD29F4BBC27F8DE9301D3BAF84 /* ValidatedTests_macOS */,
				NT_DD0357B6683A50357907B8E4ACAEC25A /* ValidatedTests_tvOS */,
				NT_C7204C7F929ACBE4F1DA8EEAA4FFA4B9 /* ValidatedTests_watchOS */,
				NT_000682CC36DF8BCA8CE98DA92C2B371F /* Validated_iOS */,
				NT_46EC7BB02534E219BD78AD1B67ADECEA /* Validated_macOS */,
				NT_63A10102A53AFC969FC9D2C167C6FBF3 /* Validated_tvOS */,
				NT_3E733A3DF60B0E0FE0D6C897B9B8949D /* Validated_watchOS */,
			);
		};
/* End PBXProject section */

/* Begin PBXSourcesBuildPhase section */
		SBP_1A438F9EC4BC7845BD825663763DF862 /* Sources */ = {
			isa = PBXSourcesBuildPhase;
			buildActionMask = 2147483647;
			files = (
				BF_7772900F3DC433135EDD2DFEADD75268 /* Validated.swift in Sources */,
				BF_8115A83D787C5999ED57CFCDCBC78A61 /* Zips.swift in Sources */,
			);
			runOnlyForDeploymentPostprocessing = 0;
		};
		SBP_4106901B092D53442B57C4DF11D1DB49 /* Sources */ = {
			isa = PBXSourcesBuildPhase;
			buildActionMask = 2147483647;
			files = (
				BF_A88DC14F78C90B8C68223D8F187EA2DF /* ValidatedTests.swift in Sources */,
			);
			runOnlyForDeploymentPostprocessing = 0;
		};
		SBP_68D9F96513C2DE522F42608499C2070F /* Sources */ = {
			isa = PBXSourcesBuildPhase;
			buildActionMask = 2147483647;
			files = (
				BF_98B52DD80981E180BDED1D9B670ABD47 /* Validated.swift in Sources */,
				BF_9C28B85447FB2F871DC6DBBA98DD4F10 /* Zips.swift in Sources */,
			);
			runOnlyForDeploymentPostprocessing = 0;
		};
		SBP_70C364D72D05C19C9F8A8F022BEA0DA5 /* Sources */ = {
			isa = PBXSourcesBuildPhase;
			buildActionMask = 2147483647;
			files = (
				BF_A41917F67A1ED3D245B3E574FA02256B /* ValidatedTests.swift in Sources */,
			);
			runOnlyForDeploymentPostprocessing = 0;
		};
		SBP_A1F9D8C593BC9A8C694418DE374C8EAC /* Sources */ = {
			isa = PBXSourcesBuildPhase;
			buildActionMask = 2147483647;
			files = (
				BF_5D7B5BF35E375A96AC0EF2524809BB41 /* Validated.swift in Sources */,
				BF_E3EC4A3119B92EF7D90B369DBF4068D7 /* Zips.swift in Sources */,
			);
			runOnlyForDeploymentPostprocessing = 0;
		};
		SBP_A753EDC736703DE9872C70C3C6406CEE /* Sources */ = {
			isa = PBXSourcesBuildPhase;
			buildActionMask = 2147483647;
			files = (
				BF_4492B9F8A8FFF131D12225A9D62F3FCE /* Validated.swift in Sources */,
				BF_659F105660F0FD5B1F7CBF3D6BCAB1E6 /* Zips.swift in Sources */,
			);
			runOnlyForDeploymentPostprocessing = 0;
		};
		SBP_C4409C7670E73700859E59B87111565C /* Sources */ = {
			isa = PBXSourcesBuildPhase;
			buildActionMask = 2147483647;
			files = (
				BF_DB6871C83E284D4B9EBE6C19AD5CB995 /* ValidatedTests.swift in Sources */,
			);
			runOnlyForDeploymentPostprocessing = 0;
		};
		SBP_FF9D204E440293233E577821C1F4248E /* Sources */ = {
			isa = PBXSourcesBuildPhase;
			buildActionMask = 2147483647;
			files = (
				BF_E91CC5BE32C2570527FAE501E3292591 /* ValidatedTests.swift in Sources */,
			);
			runOnlyForDeploymentPostprocessing = 0;
		};
/* End PBXSourcesBuildPhase section */

/* Begin PBXTargetDependency section */
		TD_1D3B912D6C9F57D29BDC8D7DC711DF6C /* PBXTargetDependency */ = {
			isa = PBXTargetDependency;
			target = NT_3E733A3DF60B0E0FE0D6C897B9B8949D /* Validated_watchOS */;
			targetProxy = CIP_3B359A4A9448F0DFC589C1B12CF19B7C /* PBXContainerItemProxy */;
		};
		TD_5639AA8E9D4CCB1DAAD9F620BC5B37BC /* PBXTargetDependency */ = {
			isa = PBXTargetDependency;
			target = NT_000682CC36DF8BCA8CE98DA92C2B371F /* Validated_iOS */;
			targetProxy = CIP_0E9FE550CECC1C4CBD3E51D1C7E8BF16 /* PBXContainerItemProxy */;
		};
		TD_6B2AC4779307FA4638038BF23F0AB6E2 /* PBXTargetDependency */ = {
			isa = PBXTargetDependency;
			target = NT_46EC7BB02534E219BD78AD1B67ADECEA /* Validated_macOS */;
			targetProxy = CIP_78F73385DF90DC5307E7E8EBB1BD7706 /* PBXContainerItemProxy */;
		};
		TD_D7222FEE6737B2E173EB066D5B6EC42B /* PBXTargetDependency */ = {
			isa = PBXTargetDependency;
			target = NT_63A10102A53AFC969FC9D2C167C6FBF3 /* Validated_tvOS */;
			targetProxy = CIP_36379551E3186D2F0D351C2E773703C1 /* PBXContainerItemProxy */;
		};
/* End PBXTargetDependency section */

/* Begin XCBuildConfiguration section */
		BC_205E93D5C443C5262250346AC2C9E92E /* Debug */ = {
			isa = XCBuildConfiguration;
			buildSettings = {
				CODE_SIGN_IDENTITY = "";
				COMBINE_HIDPI_IMAGES = YES;
				CURRENT_PROJECT_VERSION = 1;
				DEFINES_MODULE = YES;
				DYLIB_COMPATIBILITY_VERSION = 1;
				DYLIB_CURRENT_VERSION = 1;
				DYLIB_INSTALL_NAME_BASE = "@rpath";
				FRAMEWORK_SEARCH_PATHS = (
					"$(inherited)",
					"\".\"",
				);
				INFOPLIST_FILE = Info.plist;
				INSTALL_PATH = "$(LOCAL_LIBRARY_DIR)/Frameworks";
				LD_RUNPATH_SEARCH_PATHS = "$(inherited) @executable_path/../Frameworks";
				PRODUCT_BUNDLE_IDENTIFIER = "co.pointfree.Validated-macOS";
				PRODUCT_NAME = Validated;
				SDKROOT = macosx;
				SKIP_INSTALL = YES;
				VERSIONING_SYSTEM = "apple-generic";
			};
			name = Debug;
		};
		BC_3708AF148B2F03111AC83A2B85B24D3D /* Release */ = {
			isa = XCBuildConfiguration;
			buildSettings = {
				CODE_SIGN_IDENTITY = "";
				CURRENT_PROJECT_VERSION = 1;
				DEFINES_MODULE = YES;
				DYLIB_COMPATIBILITY_VERSION = 1;
				DYLIB_CURRENT_VERSION = 1;
				DYLIB_INSTALL_NAME_BASE = "@rpath";
				FRAMEWORK_SEARCH_PATHS = (
					"$(inherited)",
					"\".\"",
				);
				INFOPLIST_FILE = Info.plist;
				INSTALL_PATH = "$(LOCAL_LIBRARY_DIR)/Frameworks";
				LD_RUNPATH_SEARCH_PATHS = "$(inherited) @executable_path/Frameworks";
				PRODUCT_BUNDLE_IDENTIFIER = "co.pointfree.Validated-iOS";
				PRODUCT_NAME = Validated;
				SDKROOT = iphoneos;
				SKIP_INSTALL = YES;
				TARGETED_DEVICE_FAMILY = "1,2";
				VERSIONING_SYSTEM = "apple-generic";
			};
			name = Release;
		};
		BC_4F3371FBEECCCDD2C3CCD00B5FE1FF9D /* Debug */ = {
			isa = XCBuildConfiguration;
			buildSettings = {
				CODE_SIGN_IDENTITY = "";
				CURRENT_PROJECT_VERSION = 1;
				DEFINES_MODULE = YES;
				DYLIB_COMPATIBILITY_VERSION = 1;
				DYLIB_CURRENT_VERSION = 1;
				DYLIB_INSTALL_NAME_BASE = "@rpath";
				FRAMEWORK_SEARCH_PATHS = (
					"$(inherited)",
					"\".\"",
				);
				INFOPLIST_FILE = Info.plist;
				INSTALL_PATH = "$(LOCAL_LIBRARY_DIR)/Frameworks";
				PRODUCT_BUNDLE_IDENTIFIER = "co.pointfree.Validated-watchOS";
				PRODUCT_NAME = Validated;
				SDKROOT = watchos;
				SKIP_INSTALL = YES;
				TARGETED_DEVICE_FAMILY = 4;
				VERSIONING_SYSTEM = "apple-generic";
			};
			name = Debug;
		};
		BC_4FF501CC17B15BE7C20AB8816246E279 /* Release */ = {
			isa = XCBuildConfiguration;
			buildSettings = {
				BUNDLE_LOADER = "$(TEST_HOST)";
				COMBINE_HIDPI_IMAGES = YES;
				LD_RUNPATH_SEARCH_PATHS = "$(inherited) @executable_path/../Frameworks @loader_path/../Frameworks";
				PRODUCT_BUNDLE_IDENTIFIER = "co.pointfree.ValidatedTests-macOS";
				PRODUCT_NAME = ValidatedTests;
				SDKROOT = macosx;
			};
			name = Release;
		};
		BC_53594B1E0A4FA414DC7525B83B833C80 /* Release */ = {
			isa = XCBuildConfiguration;
			buildSettings = {
				CODE_SIGN_IDENTITY = "";
				CURRENT_PROJECT_VERSION = 1;
				DEFINES_MODULE = YES;
				DYLIB_COMPATIBILITY_VERSION = 1;
				DYLIB_CURRENT_VERSION = 1;
				DYLIB_INSTALL_NAME_BASE = "@rpath";
				FRAMEWORK_SEARCH_PATHS = (
					"$(inherited)",
					"\".\"",
				);
				INFOPLIST_FILE = Info.plist;
				INSTALL_PATH = "$(LOCAL_LIBRARY_DIR)/Frameworks";
				PRODUCT_BUNDLE_IDENTIFIER = "co.pointfree.Validated-watchOS";
				PRODUCT_NAME = Validated;
				SDKROOT = watchos;
				SKIP_INSTALL = YES;
				TARGETED_DEVICE_FAMILY = 4;
				VERSIONING_SYSTEM = "apple-generic";
			};
			name = Release;
		};
		BC_5572A07429DADBA5DAEF6B6E82CC2620 /* Debug */ = {
			isa = XCBuildConfiguration;
			buildSettings = {
				BUNDLE_LOADER = "$(TEST_HOST)";
				LD_RUNPATH_SEARCH_PATHS = "$(inherited) @executable_path/Frameworks @loader_path/Frameworks";
				PRODUCT_BUNDLE_IDENTIFIER = "co.pointfree.ValidatedTests-watchOS";
				PRODUCT_NAME = ValidatedTests;
				SDKROOT = watchos;
				SKIP_INSTALL = YES;
				TARGETED_DEVICE_FAMILY = 4;
			};
			name = Debug;
		};
		BC_5A23D97861DD5B354C285C9A1EF0FCD6 /* Debug */ = {
			isa = XCBuildConfiguration;
			buildSettings = {
				BUNDLE_LOADER = "$(TEST_HOST)";
				LD_RUNPATH_SEARCH_PATHS = "$(inherited) @executable_path/Frameworks @loader_path/Frameworks";
				PRODUCT_BUNDLE_IDENTIFIER = "co.pointfree.ValidatedTests-tvOS";
				PRODUCT_NAME = ValidatedTests;
				SDKROOT = appletvos;
				TARGETED_DEVICE_FAMILY = 3;
			};
			name = Debug;
		};
		BC_5ACC57B245EF505B41BE1430AE24E74B /* Debug */ = {
			isa = XCBuildConfiguration;
			buildSettings = {
				CODE_SIGN_IDENTITY = "";
				CURRENT_PROJECT_VERSION = 1;
				DEFINES_MODULE = YES;
				DYLIB_COMPATIBILITY_VERSION = 1;
				DYLIB_CURRENT_VERSION = 1;
				DYLIB_INSTALL_NAME_BASE = "@rpath";
				FRAMEWORK_SEARCH_PATHS = (
					"$(inherited)",
					"\".\"",
				);
				INFOPLIST_FILE = Info.plist;
				INSTALL_PATH = "$(LOCAL_LIBRARY_DIR)/Frameworks";
				LD_RUNPATH_SEARCH_PATHS = "$(inherited) @executable_path/Frameworks";
				PRODUCT_BUNDLE_IDENTIFIER = "co.pointfree.Validated-iOS";
				PRODUCT_NAME = Validated;
				SDKROOT = iphoneos;
				SKIP_INSTALL = YES;
				TARGETED_DEVICE_FAMILY = "1,2";
				VERSIONING_SYSTEM = "apple-generic";
			};
			name = Debug;
		};
		BC_70D9347F366CE33411493C8BEC1F8623 /* Debug */ = {
			isa = XCBuildConfiguration;
			buildSettings = {
				CODE_SIGN_IDENTITY = "";
				CURRENT_PROJECT_VERSION = 1;
				DEFINES_MODULE = YES;
				DYLIB_COMPATIBILITY_VERSION = 1;
				DYLIB_CURRENT_VERSION = 1;
				DYLIB_INSTALL_NAME_BASE = "@rpath";
				FRAMEWORK_SEARCH_PATHS = (
					"$(inherited)",
					"\".\"",
				);
				INFOPLIST_FILE = Info.plist;
				INSTALL_PATH = "$(LOCAL_LIBRARY_DIR)/Frameworks";
				LD_RUNPATH_SEARCH_PATHS = "$(inherited) @executable_path/Frameworks";
				PRODUCT_BUNDLE_IDENTIFIER = "co.pointfree.Validated-tvOS";
				PRODUCT_NAME = Validated;
				SDKROOT = appletvos;
				SKIP_INSTALL = YES;
				TARGETED_DEVICE_FAMILY = 3;
				VERSIONING_SYSTEM = "apple-generic";
			};
			name = Debug;
		};
		BC_8998175C3CC5BE54EA549CC954EC5869 /* Release */ = {
			isa = XCBuildConfiguration;
			buildSettings = {
				BUNDLE_LOADER = "$(TEST_HOST)";
				LD_RUNPATH_SEARCH_PATHS = "$(inherited) @executable_path/Frameworks @loader_path/Frameworks";
				PRODUCT_BUNDLE_IDENTIFIER = "co.pointfree.ValidatedTests-iOS";
				PRODUCT_NAME = ValidatedTests;
				SDKROOT = iphoneos;
				TARGETED_DEVICE_FAMILY = "1,2";
			};
			name = Release;
		};
		BC_8C55A9AB9EA5249A96CB6DFA43FEE648 /* Debug */ = {
			isa = XCBuildConfiguration;
			buildSettings = {
				BUNDLE_LOADER = "$(TEST_HOST)";
				COMBINE_HIDPI_IMAGES = YES;
				LD_RUNPATH_SEARCH_PATHS = "$(inherited) @executable_path/../Frameworks @loader_path/../Frameworks";
				PRODUCT_BUNDLE_IDENTIFIER = "co.pointfree.ValidatedTests-macOS";
				PRODUCT_NAME = ValidatedTests;
				SDKROOT = macosx;
			};
			name = Debug;
		};
		BC_AEFB1BF504ABFE4F9866D6E5D4231434 /* Release */ = {
			isa = XCBuildConfiguration;
			buildSettings = {
				CODE_SIGN_IDENTITY = "";
				CURRENT_PROJECT_VERSION = 1;
				DEFINES_MODULE = YES;
				DYLIB_COMPATIBILITY_VERSION = 1;
				DYLIB_CURRENT_VERSION = 1;
				DYLIB_INSTALL_NAME_BASE = "@rpath";
				FRAMEWORK_SEARCH_PATHS = (
					"$(inherited)",
					"\".\"",
				);
				INFOPLIST_FILE = Info.plist;
				INSTALL_PATH = "$(LOCAL_LIBRARY_DIR)/Frameworks";
				LD_RUNPATH_SEARCH_PATHS = "$(inherited) @executable_path/Frameworks";
				PRODUCT_BUNDLE_IDENTIFIER = "co.pointfree.Validated-tvOS";
				PRODUCT_NAME = Validated;
				SDKROOT = appletvos;
				SKIP_INSTALL = YES;
				TARGETED_DEVICE_FAMILY = 3;
				VERSIONING_SYSTEM = "apple-generic";
			};
			name = Release;
		};
		BC_C80C69204EDC654BF379C8E59DE03F50 /* Release */ = {
			isa = XCBuildConfiguration;
			buildSettings = {
				CODE_SIGN_IDENTITY = "";
				COMBINE_HIDPI_IMAGES = YES;
				CURRENT_PROJECT_VERSION = 1;
				DEFINES_MODULE = YES;
				DYLIB_COMPATIBILITY_VERSION = 1;
				DYLIB_CURRENT_VERSION = 1;
				DYLIB_INSTALL_NAME_BASE = "@rpath";
				FRAMEWORK_SEARCH_PATHS = (
					"$(inherited)",
					"\".\"",
				);
				INFOPLIST_FILE = Info.plist;
				INSTALL_PATH = "$(LOCAL_LIBRARY_DIR)/Frameworks";
				LD_RUNPATH_SEARCH_PATHS = "$(inherited) @executable_path/../Frameworks";
				PRODUCT_BUNDLE_IDENTIFIER = "co.pointfree.Validated-macOS";
				PRODUCT_NAME = Validated;
				SDKROOT = macosx;
				SKIP_INSTALL = YES;
				VERSIONING_SYSTEM = "apple-generic";
			};
			name = Release;
		};
		BC_CD67861A6719B4060585A8CE4D26DF0E /* Debug */ = {
			isa = XCBuildConfiguration;
			buildSettings = {
				ALWAYS_SEARCH_USER_PATHS = NO;
				CLANG_ANALYZER_NONNULL = YES;
				CLANG_ANALYZER_NUMBER_OBJECT_CONVERSION = YES_AGGRESSIVE;
				CLANG_CXX_LANGUAGE_STANDARD = "gnu++14";
				CLANG_CXX_LIBRARY = "libc++";
				CLANG_ENABLE_MODULES = YES;
				CLANG_ENABLE_OBJC_ARC = YES;
				CLANG_WARN_BLOCK_CAPTURE_AUTORELEASING = YES;
				CLANG_WARN_BOOL_CONVERSION = YES;
				CLANG_WARN_COMMA = YES;
				CLANG_WARN_CONSTANT_CONVERSION = YES;
				CLANG_WARN_DEPRECATED_OBJC_IMPLEMENTATIONS = YES;
				CLANG_WARN_DIRECT_OBJC_ISA_USAGE = YES_ERROR;
				CLANG_WARN_DOCUMENTATION_COMMENTS = YES;
				CLANG_WARN_EMPTY_BODY = YES;
				CLANG_WARN_ENUM_CONVERSION = YES;
				CLANG_WARN_INFINITE_RECURSION = YES;
				CLANG_WARN_INT_CONVERSION = YES;
				CLANG_WARN_NON_LITERAL_NULL_CONVERSION = YES;
				CLANG_WARN_OBJC_IMPLICIT_RETAIN_SELF = YES;
				CLANG_WARN_OBJC_LITERAL_CONVERSION = YES;
				CLANG_WARN_OBJC_ROOT_CLASS = YES_ERROR;
				CLANG_WARN_RANGE_LOOP_ANALYSIS = YES;
				CLANG_WARN_STRICT_PROTOTYPES = YES;
				CLANG_WARN_SUSPICIOUS_MOVE = YES;
				CLANG_WARN_UNGUARDED_AVAILABILITY = YES_AGGRESSIVE;
				CLANG_WARN_UNREACHABLE_CODE = YES;
				CLANG_WARN__DUPLICATE_METHOD_MATCH = YES;
				COPY_PHASE_STRIP = NO;
				DEBUG_INFORMATION_FORMAT = dwarf;
				ENABLE_STRICT_OBJC_MSGSEND = YES;
				ENABLE_TESTABILITY = YES;
				GCC_C_LANGUAGE_STANDARD = gnu11;
				GCC_DYNAMIC_NO_PIC = NO;
				GCC_NO_COMMON_BLOCKS = YES;
				GCC_OPTIMIZATION_LEVEL = 0;
				GCC_PREPROCESSOR_DEFINITIONS = (
					"$(inherited)",
					"DEBUG=1",
				);
				GCC_WARN_64_TO_32_BIT_CONVERSION = YES;
				GCC_WARN_ABOUT_RETURN_TYPE = YES_ERROR;
				GCC_WARN_UNDECLARED_SELECTOR = YES;
				GCC_WARN_UNINITIALIZED_AUTOS = YES_AGGRESSIVE;
				GCC_WARN_UNUSED_FUNCTION = YES;
				GCC_WARN_UNUSED_VARIABLE = YES;
				IPHONEOS_DEPLOYMENT_TARGET = 8.0;
				MACOSX_DEPLOYMENT_TARGET = 10.9;
				MTL_ENABLE_DEBUG_INFO = YES;
				ONLY_ACTIVE_ARCH = YES;
				PRODUCT_NAME = "$(TARGET_NAME)";
				SWIFT_ACTIVE_COMPILATION_CONDITIONS = DEBUG;
				SWIFT_OPTIMIZATION_LEVEL = "-Onone";
				SWIFT_VERSION = 4.2;
				TVOS_DEPLOYMENT_TARGET = 9.0;
				WATCHOS_DEPLOYMENT_TARGET = 2.0;
			};
			name = Debug;
		};
		BC_D3E762AC456CC4A0AC748C8241329F66 /* Release */ = {
			isa = XCBuildConfiguration;
			buildSettings = {
				BUNDLE_LOADER = "$(TEST_HOST)";
				LD_RUNPATH_SEARCH_PATHS = "$(inherited) @executable_path/Frameworks @loader_path/Frameworks";
				PRODUCT_BUNDLE_IDENTIFIER = "co.pointfree.ValidatedTests-tvOS";
				PRODUCT_NAME = ValidatedTests;
				SDKROOT = appletvos;
				TARGETED_DEVICE_FAMILY = 3;
			};
			name = Release;
		};
		BC_DC0863752BADF2BE7F6AACE81C50CA5A /* Debug */ = {
			isa = XCBuildConfiguration;
			buildSettings = {
				BUNDLE_LOADER = "$(TEST_HOST)";
				LD_RUNPATH_SEARCH_PATHS = "$(inherited) @executable_path/Frameworks @loader_path/Frameworks";
				PRODUCT_BUNDLE_IDENTIFIER = "co.pointfree.ValidatedTests-iOS";
				PRODUCT_NAME = ValidatedTests;
				SDKROOT = iphoneos;
				TARGETED_DEVICE_FAMILY = "1,2";
			};
			name = Debug;
		};
		BC_E2BE73FD46916B89CE85DF3C440FEC62 /* Release */ = {
			isa = XCBuildConfiguration;
			buildSettings = {
				ALWAYS_SEARCH_USER_PATHS = NO;
				CLANG_ANALYZER_NONNULL = YES;
				CLANG_ANALYZER_NUMBER_OBJECT_CONVERSION = YES_AGGRESSIVE;
				CLANG_CXX_LANGUAGE_STANDARD = "gnu++14";
				CLANG_CXX_LIBRARY = "libc++";
				CLANG_ENABLE_MODULES = YES;
				CLANG_ENABLE_OBJC_ARC = YES;
				CLANG_WARN_BLOCK_CAPTURE_AUTORELEASING = YES;
				CLANG_WARN_BOOL_CONVERSION = YES;
				CLANG_WARN_COMMA = YES;
				CLANG_WARN_CONSTANT_CONVERSION = YES;
				CLANG_WARN_DEPRECATED_OBJC_IMPLEMENTATIONS = YES;
				CLANG_WARN_DIRECT_OBJC_ISA_USAGE = YES_ERROR;
				CLANG_WARN_DOCUMENTATION_COMMENTS = YES;
				CLANG_WARN_EMPTY_BODY = YES;
				CLANG_WARN_ENUM_CONVERSION = YES;
				CLANG_WARN_INFINITE_RECURSION = YES;
				CLANG_WARN_INT_CONVERSION = YES;
				CLANG_WARN_NON_LITERAL_NULL_CONVERSION = YES;
				CLANG_WARN_OBJC_IMPLICIT_RETAIN_SELF = YES;
				CLANG_WARN_OBJC_LITERAL_CONVERSION = YES;
				CLANG_WARN_OBJC_ROOT_CLASS = YES_ERROR;
				CLANG_WARN_RANGE_LOOP_ANALYSIS = YES;
				CLANG_WARN_STRICT_PROTOTYPES = YES;
				CLANG_WARN_SUSPICIOUS_MOVE = YES;
				CLANG_WARN_UNGUARDED_AVAILABILITY = YES_AGGRESSIVE;
				CLANG_WARN_UNREACHABLE_CODE = YES;
				CLANG_WARN__DUPLICATE_METHOD_MATCH = YES;
				COPY_PHASE_STRIP = NO;
				DEBUG_INFORMATION_FORMAT = "dwarf-with-dsym";
				ENABLE_NS_ASSERTIONS = NO;
				ENABLE_STRICT_OBJC_MSGSEND = YES;
				GCC_C_LANGUAGE_STANDARD = gnu11;
				GCC_NO_COMMON_BLOCKS = YES;
				GCC_WARN_64_TO_32_BIT_CONVERSION = YES;
				GCC_WARN_ABOUT_RETURN_TYPE = YES_ERROR;
				GCC_WARN_UNDECLARED_SELECTOR = YES;
				GCC_WARN_UNINITIALIZED_AUTOS = YES_AGGRESSIVE;
				GCC_WARN_UNUSED_FUNCTION = YES;
				GCC_WARN_UNUSED_VARIABLE = YES;
				IPHONEOS_DEPLOYMENT_TARGET = 8.0;
				MACOSX_DEPLOYMENT_TARGET = 10.9;
				PRODUCT_NAME = "$(TARGET_NAME)";
				SWIFT_OPTIMIZATION_LEVEL = "-Owholemodule";
				SWIFT_VERSION = 4.2;
				TVOS_DEPLOYMENT_TARGET = 9.0;
				VALIDATE_PRODUCT = YES;
				WATCHOS_DEPLOYMENT_TARGET = 2.0;
			};
			name = Release;
		};
		BC_EA46B6A57D6F181083C9CD78808A2041 /* Release */ = {
			isa = XCBuildConfiguration;
			buildSettings = {
				BUNDLE_LOADER = "$(TEST_HOST)";
				LD_RUNPATH_SEARCH_PATHS = "$(inherited) @executable_path/Frameworks @loader_path/Frameworks";
				PRODUCT_BUNDLE_IDENTIFIER = "co.pointfree.ValidatedTests-watchOS";
				PRODUCT_NAME = ValidatedTests;
				SDKROOT = watchos;
				SKIP_INSTALL = YES;
				TARGETED_DEVICE_FAMILY = 4;
			};
			name = Release;
		};
/* End XCBuildConfiguration section */

/* Begin XCConfigurationList section */
		CL_11F6FD272B7B34FCBD825D01A6D4C955 /* Build configuration list for PBXNativeTarget "ValidatedTests_iOS" */ = {
			isa = XCConfigurationList;
			buildConfigurations = (
				BC_DC0863752BADF2BE7F6AACE81C50CA5A /* Debug */,
				BC_8998175C3CC5BE54EA549CC954EC5869 /* Release */,
			);
			defaultConfigurationIsVisible = 0;
			defaultConfigurationName = "";
		};
		CL_267FB8B7EEC5D8D030AD3A0490322BD2 /* Build configuration list for PBXNativeTarget "ValidatedTests_watchOS" */ = {
			isa = XCConfigurationList;
			buildConfigurations = (
				BC_5572A07429DADBA5DAEF6B6E82CC2620 /* Debug */,
				BC_EA46B6A57D6F181083C9CD78808A2041 /* Release */,
			);
			defaultConfigurationIsVisible = 0;
			defaultConfigurationName = "";
		};
		CL_2CFCB01590FCDBDCBD72646AEACA35F8 /* Build configuration list for PBXProject "Validated" */ = {
			isa = XCConfigurationList;
			buildConfigurations = (
				BC_CD67861A6719B4060585A8CE4D26DF0E /* Debug */,
				BC_E2BE73FD46916B89CE85DF3C440FEC62 /* Release */,
			);
			defaultConfigurationIsVisible = 0;
			defaultConfigurationName = Debug;
		};
		CL_4EEAEDF90B34E4E576AAC830C0875CB3 /* Build configuration list for PBXNativeTarget "Validated_tvOS" */ = {
			isa = XCConfigurationList;
			buildConfigurations = (
				BC_70D9347F366CE33411493C8BEC1F8623 /* Debug */,
				BC_AEFB1BF504ABFE4F9866D6E5D4231434 /* Release */,
			);
			defaultConfigurationIsVisible = 0;
			defaultConfigurationName = "";
		};
		CL_5EA9EB3C7296B0474C62C66765484F27 /* Build configuration list for PBXNativeTarget "Validated_iOS" */ = {
			isa = XCConfigurationList;
			buildConfigurations = (
				BC_5ACC57B245EF505B41BE1430AE24E74B /* Debug */,
				BC_3708AF148B2F03111AC83A2B85B24D3D /* Release */,
			);
			defaultConfigurationIsVisible = 0;
			defaultConfigurationName = "";
		};
		CL_6E2E9EC98AE59844F58DB7CD27AE9AA3 /* Build configuration list for PBXNativeTarget "Validated_macOS" */ = {
			isa = XCConfigurationList;
			buildConfigurations = (
				BC_205E93D5C443C5262250346AC2C9E92E /* Debug */,
				BC_C80C69204EDC654BF379C8E59DE03F50 /* Release */,
			);
			defaultConfigurationIsVisible = 0;
			defaultConfigurationName = "";
		};
		CL_6EA946D89A8F611B0D9736C1944E528E /* Build configuration list for PBXNativeTarget "Validated_watchOS" */ = {
			isa = XCConfigurationList;
			buildConfigurations = (
				BC_4F3371FBEECCCDD2C3CCD00B5FE1FF9D /* Debug */,
				BC_53594B1E0A4FA414DC7525B83B833C80 /* Release */,
			);
			defaultConfigurationIsVisible = 0;
			defaultConfigurationName = "";
		};
		CL_B4669506208DB178C97AC5AE07AEF58F /* Build configuration list for PBXNativeTarget "ValidatedTests_tvOS" */ = {
			isa = XCConfigurationList;
			buildConfigurations = (
				BC_5A23D97861DD5B354C285C9A1EF0FCD6 /* Debug */,
				BC_D3E762AC456CC4A0AC748C8241329F66 /* Release */,
			);
			defaultConfigurationIsVisible = 0;
			defaultConfigurationName = "";
		};
		CL_DB45E173DF80536FAEC152E6F89048F0 /* Build configuration list for PBXNativeTarget "ValidatedTests_macOS" */ = {
			isa = XCConfigurationList;
			buildConfigurations = (
				BC_8C55A9AB9EA5249A96CB6DFA43FEE648 /* Debug */,
				BC_4FF501CC17B15BE7C20AB8816246E279 /* Release */,
			);
			defaultConfigurationIsVisible = 0;
			defaultConfigurationName = "";
		};
/* End XCConfigurationList section */
	};
	rootObject = P_92E73387E7E243C4CAC04F59E320A703 /* Project object */;
}
