// !$*UTF8*$!
{
	archiveVersion = 1;
	classes = {
	};
	objectVersion = 50;
	objects = {

/* Begin PBXBuildFile section */
		161177C94B6CF1266DF37E2A104324EC /* Zips.swift in Sources */ = {isa = PBXBuildFile; fileRef = F652D76C69CC6C1B527CD4CB557EB163 /* Zips.swift */; };
		17CE8616098A00A9DB7CF4D6772D51A5 /* NonEmpty.framework in Frameworks */ = {isa = PBXBuildFile; fileRef = 9466F05CA84297C33FA3A071A79AB143 /* NonEmpty.framework */; };
		1BC8C1ADCEBC97F866D6C1A1AF91F01C /* NonEmpty.framework in Frameworks */ = {isa = PBXBuildFile; fileRef = 9466F05CA84297C33FA3A071A79AB143 /* NonEmpty.framework */; };
		1D772AB8194D2F1BA0BB3457568C8412 /* ValidatedTests.swift in Sources */ = {isa = PBXBuildFile; fileRef = 218172780981F57A00DE36D0F29AD439 /* ValidatedTests.swift */; };
		2B138F74204C025ECAB0DE8346F5B8EB /* Validated.swift in Sources */ = {isa = PBXBuildFile; fileRef = 91C98185FCB13FC1AB14DF7FE51F1F34 /* Validated.swift */; };
		2E5BFD3E54DF5AA51CA8463B80B30DA6 /* ValidatedTests.swift in Sources */ = {isa = PBXBuildFile; fileRef = 218172780981F57A00DE36D0F29AD439 /* ValidatedTests.swift */; };
		372F12E5CBE5566793D88CB10FB335F3 /* Validated.framework in Frameworks */ = {isa = PBXBuildFile; fileRef = F375C187BAA37B71FFDA281709921111 /* Validated.framework */; };
		3A42E0B08C3465F4D31BC6EBCC301E9A /* NonEmpty.framework in Frameworks */ = {isa = PBXBuildFile; fileRef = 9466F05CA84297C33FA3A071A79AB143 /* NonEmpty.framework */; };
		427D9C0A05B62E6CC1340F46DEBE05AC /* NonEmpty.framework in Frameworks */ = {isa = PBXBuildFile; fileRef = 9466F05CA84297C33FA3A071A79AB143 /* NonEmpty.framework */; };
		4C58E3339F4535C6C3BD5881EB7124DB /* Validated.framework in Frameworks */ = {isa = PBXBuildFile; fileRef = D2AC405222D592A3F1617C8EB0ED7C4A /* Validated.framework */; };
		617DFB29800A5CDDCC72B67BD7EED04F /* Validated.swift in Sources */ = {isa = PBXBuildFile; fileRef = 91C98185FCB13FC1AB14DF7FE51F1F34 /* Validated.swift */; };
		78C2784DE8BF11788B24F8B24FBD168E /* ValidatedTests.swift in Sources */ = {isa = PBXBuildFile; fileRef = 218172780981F57A00DE36D0F29AD439 /* ValidatedTests.swift */; };
		7AF55024310C4C171CA8801079005259 /* Validated.framework in Embed Frameworks */ = {isa = PBXBuildFile; fileRef = D2AC405222D592A3F1617C8EB0ED7C4A /* Validated.framework */; settings = {ATTRIBUTES = (CodeSignOnCopy, RemoveHeadersOnCopy, ); }; };
		86FECA666A24F9DB01083B7B17E1A836 /* Validated.framework in Frameworks */ = {isa = PBXBuildFile; fileRef = BC405DB25B1313E0F8243C6AED1D3A11 /* Validated.framework */; };
		87394236E96EA3600D2757D7B5E99690 /* Zips.swift in Sources */ = {isa = PBXBuildFile; fileRef = F652D76C69CC6C1B527CD4CB557EB163 /* Zips.swift */; };
		9C60499CC4E778424BAFE134DAF1209A /* ValidatedTests.swift in Sources */ = {isa = PBXBuildFile; fileRef = 218172780981F57A00DE36D0F29AD439 /* ValidatedTests.swift */; };
		9ECCA559AB5F2DAD542329ED806CFBEB /* Validated.framework in Frameworks */ = {isa = PBXBuildFile; fileRef = 9ACE22008AEB18C1C3E4993E1398D48D /* Validated.framework */; };
		AF0BE6071ACFA9E950383F9E556F7529 /* Zips.swift in Sources */ = {isa = PBXBuildFile; fileRef = F652D76C69CC6C1B527CD4CB557EB163 /* Zips.swift */; };
		C1BBBBF5F36075AC07F4FBD366285826 /* Validated.framework in Embed Frameworks */ = {isa = PBXBuildFile; fileRef = 9ACE22008AEB18C1C3E4993E1398D48D /* Validated.framework */; settings = {ATTRIBUTES = (CodeSignOnCopy, RemoveHeadersOnCopy, ); }; };
		C32CBBA8B2D7664326FB1B58FDE47B41 /* Validated.swift in Sources */ = {isa = PBXBuildFile; fileRef = 91C98185FCB13FC1AB14DF7FE51F1F34 /* Validated.swift */; };
		C34A2B4EE7048FCBEDB38743548B3338 /* Zips.swift in Sources */ = {isa = PBXBuildFile; fileRef = F652D76C69CC6C1B527CD4CB557EB163 /* Zips.swift */; };
		E588DB6EC6D87152BF402D2E7579EE74 /* Validated.framework in Embed Frameworks */ = {isa = PBXBuildFile; fileRef = F375C187BAA37B71FFDA281709921111 /* Validated.framework */; settings = {ATTRIBUTES = (CodeSignOnCopy, RemoveHeadersOnCopy, ); }; };
		E5AA8F123D6E4B4E04BAC1F2C7C4DEDC /* Validated.framework in Embed Frameworks */ = {isa = PBXBuildFile; fileRef = BC405DB25B1313E0F8243C6AED1D3A11 /* Validated.framework */; settings = {ATTRIBUTES = (CodeSignOnCopy, RemoveHeadersOnCopy, ); }; };
		FBB8FEE3DB85098C421DE988E75C1745 /* Validated.swift in Sources */ = {isa = PBXBuildFile; fileRef = 91C98185FCB13FC1AB14DF7FE51F1F34 /* Validated.swift */; };
/* End PBXBuildFile section */

/* Begin PBXContainerItemProxy section */
		355B30DF1BC00270BC236F5A7D1304AF /* PBXContainerItemProxy */ = {
			isa = PBXContainerItemProxy;
			containerPortal = 9890090648F139E3A72503850615EAE6 /* Project object */;
			proxyType = 1;
			remoteGlobalIDString = D7A3F852E2A2D9490DA2A630A2E58C27;
			remoteInfo = Validated_tvOS;
		};
		96BCBFD42376B480B793FCD165514D1F /* PBXContainerItemProxy */ = {
			isa = PBXContainerItemProxy;
			containerPortal = 9890090648F139E3A72503850615EAE6 /* Project object */;
			proxyType = 1;
			remoteGlobalIDString = 2F6ACE5C9BA300856FB8FF6BFDD68AA7;
			remoteInfo = Validated_iOS;
		};
		AB85AE1B699F23D3D70474A3439B47AE /* PBXContainerItemProxy */ = {
			isa = PBXContainerItemProxy;
			containerPortal = 9890090648F139E3A72503850615EAE6 /* Project object */;
			proxyType = 1;
			remoteGlobalIDString = 06D33A01506A9B4AB08092D07E4B60B1;
			remoteInfo = Validated_watchOS;
		};
		D83F390DEC68CBAB96FBAD4569B45283 /* PBXContainerItemProxy */ = {
			isa = PBXContainerItemProxy;
			containerPortal = 9890090648F139E3A72503850615EAE6 /* Project object */;
			proxyType = 1;
			remoteGlobalIDString = D58A2D5475865F4D717E15222781D8F8;
			remoteInfo = Validated_macOS;
		};
/* End PBXContainerItemProxy section */

/* Begin PBXCopyFilesBuildPhase section */
		35ED36370CC6DE91F1E18688FDEF4FDB /* Embed Frameworks */ = {
			isa = PBXCopyFilesBuildPhase;
			buildActionMask = 2147483647;
			dstPath = "";
			dstSubfolderSpec = 10;
			files = (
				E5AA8F123D6E4B4E04BAC1F2C7C4DEDC /* Validated.framework in Embed Frameworks */,
			);
			name = "Embed Frameworks";
			runOnlyForDeploymentPostprocessing = 0;
		};
		54BCED7BA8CC5E3442B514245151F880 /* Embed Frameworks */ = {
			isa = PBXCopyFilesBuildPhase;
			buildActionMask = 2147483647;
			dstPath = "";
			dstSubfolderSpec = 10;
			files = (
				C1BBBBF5F36075AC07F4FBD366285826 /* Validated.framework in Embed Frameworks */,
			);
			name = "Embed Frameworks";
			runOnlyForDeploymentPostprocessing = 0;
		};
		71C31D87025F1FEF38C76322707A4B3A /* Embed Frameworks */ = {
			isa = PBXCopyFilesBuildPhase;
			buildActionMask = 2147483647;
			dstPath = "";
			dstSubfolderSpec = 10;
			files = (
				7AF55024310C4C171CA8801079005259 /* Validated.framework in Embed Frameworks */,
			);
			name = "Embed Frameworks";
			runOnlyForDeploymentPostprocessing = 0;
		};
		F82B8BB263FC9A3FBC17AF04B657F881 /* Embed Frameworks */ = {
			isa = PBXCopyFilesBuildPhase;
			buildActionMask = 2147483647;
			dstPath = "";
			dstSubfolderSpec = 10;
			files = (
				E588DB6EC6D87152BF402D2E7579EE74 /* Validated.framework in Embed Frameworks */,
			);
			name = "Embed Frameworks";
			runOnlyForDeploymentPostprocessing = 0;
		};
/* End PBXCopyFilesBuildPhase section */

/* Begin PBXFileReference section */
		218172780981F57A00DE36D0F29AD439 /* ValidatedTests.swift */ = {isa = PBXFileReference; lastKnownFileType = sourcecode.swift; path = ValidatedTests.swift; sourceTree = "<group>"; };
		23A4A41F1E991DE40D9A0D5C7DC1C670 /* ValidatedTests.xctest */ = {isa = PBXFileReference; explicitFileType = wrapper.cfbundle; includeInIndex = 0; path = ValidatedTests.xctest; sourceTree = BUILT_PRODUCTS_DIR; };
		2FAC5D5E0F4198E1DF1EB616831CE0A6 /* ValidatedTests.xctest */ = {isa = PBXFileReference; explicitFileType = wrapper.cfbundle; includeInIndex = 0; path = ValidatedTests.xctest; sourceTree = BUILT_PRODUCTS_DIR; };
		91C98185FCB13FC1AB14DF7FE51F1F34 /* Validated.swift */ = {isa = PBXFileReference; lastKnownFileType = sourcecode.swift; path = Validated.swift; sourceTree = "<group>"; };
		9466F05CA84297C33FA3A071A79AB143 /* NonEmpty.framework */ = {isa = PBXFileReference; lastKnownFileType = wrapper.framework; path = NonEmpty.framework; sourceTree = BUILT_PRODUCTS_DIR; };
		9ACE22008AEB18C1C3E4993E1398D48D /* Validated.framework */ = {isa = PBXFileReference; explicitFileType = wrapper.framework; includeInIndex = 0; path = Validated.framework; sourceTree = BUILT_PRODUCTS_DIR; };
		A87A450A514F261A256C341EC4EE3BA3 /* ValidatedTests.xctest */ = {isa = PBXFileReference; includeInIndex = 0; lastKnownFileType = wrapper.cfbundle; path = ValidatedTests.xctest; sourceTree = BUILT_PRODUCTS_DIR; };
		BC405DB25B1313E0F8243C6AED1D3A11 /* Validated.framework */ = {isa = PBXFileReference; explicitFileType = wrapper.framework; includeInIndex = 0; path = Validated.framework; sourceTree = BUILT_PRODUCTS_DIR; };
		D2AC405222D592A3F1617C8EB0ED7C4A /* Validated.framework */ = {isa = PBXFileReference; explicitFileType = wrapper.framework; includeInIndex = 0; path = Validated.framework; sourceTree = BUILT_PRODUCTS_DIR; };
		F375C187BAA37B71FFDA281709921111 /* Validated.framework */ = {isa = PBXFileReference; explicitFileType = wrapper.framework; includeInIndex = 0; path = Validated.framework; sourceTree = BUILT_PRODUCTS_DIR; };
		F652D76C69CC6C1B527CD4CB557EB163 /* Zips.swift */ = {isa = PBXFileReference; lastKnownFileType = sourcecode.swift; path = Zips.swift; sourceTree = "<group>"; };
		FE4C96ECB5665ADDC7093F7CB1DDD32C /* ValidatedTests.xctest */ = {isa = PBXFileReference; includeInIndex = 0; lastKnownFileType = wrapper.cfbundle; path = ValidatedTests.xctest; sourceTree = BUILT_PRODUCTS_DIR; };
/* End PBXFileReference section */

/* Begin PBXFrameworksBuildPhase section */
		129E7B712B5FB476B4B40C3E08250A3B /* Frameworks */ = {
			isa = PBXFrameworksBuildPhase;
			buildActionMask = 2147483647;
			files = (
				4C58E3339F4535C6C3BD5881EB7124DB /* Validated.framework in Frameworks */,
			);
			runOnlyForDeploymentPostprocessing = 0;
		};
		1A8B3AC2C747D0E71C7C2B7E66416347 /* Frameworks */ = {
			isa = PBXFrameworksBuildPhase;
			buildActionMask = 2147483647;
			files = (
				3A42E0B08C3465F4D31BC6EBCC301E9A /* NonEmpty.framework in Frameworks */,
			);
			runOnlyForDeploymentPostprocessing = 0;
		};
		2AE89B925DDEC69AA8924A4BBB9EAA49 /* Frameworks */ = {
			isa = PBXFrameworksBuildPhase;
			buildActionMask = 2147483647;
			files = (
				86FECA666A24F9DB01083B7B17E1A836 /* Validated.framework in Frameworks */,
			);
			runOnlyForDeploymentPostprocessing = 0;
		};
		452BB6EC8149D5D2B86B4785E4E0F4F8 /* Frameworks */ = {
			isa = PBXFrameworksBuildPhase;
			buildActionMask = 2147483647;
			files = (
				9ECCA559AB5F2DAD542329ED806CFBEB /* Validated.framework in Frameworks */,
			);
			runOnlyForDeploymentPostprocessing = 0;
		};
		89479A865C94FE2E37C31E16135325F4 /* Frameworks */ = {
			isa = PBXFrameworksBuildPhase;
			buildActionMask = 2147483647;
			files = (
				372F12E5CBE5566793D88CB10FB335F3 /* Validated.framework in Frameworks */,
			);
			runOnlyForDeploymentPostprocessing = 0;
		};
		D4379DB6D5BC4D01CF788F7C77C1E419 /* Frameworks */ = {
			isa = PBXFrameworksBuildPhase;
			buildActionMask = 2147483647;
			files = (
				1BC8C1ADCEBC97F866D6C1A1AF91F01C /* NonEmpty.framework in Frameworks */,
			);
			runOnlyForDeploymentPostprocessing = 0;
		};
		F903FB3591C833A033DB34400DB58818 /* Frameworks */ = {
			isa = PBXFrameworksBuildPhase;
			buildActionMask = 2147483647;
			files = (
				17CE8616098A00A9DB7CF4D6772D51A5 /* NonEmpty.framework in Frameworks */,
			);
			runOnlyForDeploymentPostprocessing = 0;
		};
		FFC986B0B47E0CD92398D08D258ED501 /* Frameworks */ = {
			isa = PBXFrameworksBuildPhase;
			buildActionMask = 2147483647;
			files = (
				427D9C0A05B62E6CC1340F46DEBE05AC /* NonEmpty.framework in Frameworks */,
			);
			runOnlyForDeploymentPostprocessing = 0;
		};
/* End PBXFrameworksBuildPhase section */

/* Begin PBXGroup section */
		68CEFDF56AFC64B1881F5755E044FB5C /* Frameworks */ = {
			isa = PBXGroup;
			children = (
				9466F05CA84297C33FA3A071A79AB143 /* NonEmpty.framework */,
			);
			name = Frameworks;
			sourceTree = "<group>";
		};
		6DBA497B01D00B111EE68DCACCAAE872 /* Validated */ = {
			isa = PBXGroup;
			children = (
				91C98185FCB13FC1AB14DF7FE51F1F34 /* Validated.swift */,
				F652D76C69CC6C1B527CD4CB557EB163 /* Zips.swift */,
			);
			path = Validated;
			sourceTree = "<group>";
		};
		73E6CD01BB2B7C437A196D54786FB29D /* Sources */ = {
			isa = PBXGroup;
			children = (
				6DBA497B01D00B111EE68DCACCAAE872 /* Validated */,
			);
			path = Sources;
			sourceTree = "<group>";
		};
		9A9D2D786AACCCC7639B2B8A09608701 /* ValidatedTests */ = {
			isa = PBXGroup;
			children = (
				218172780981F57A00DE36D0F29AD439 /* ValidatedTests.swift */,
			);
			path = ValidatedTests;
			sourceTree = "<group>";
		};
		C32D1238C875AA58EE8DB2A3406BE550 = {
			isa = PBXGroup;
			children = (
				73E6CD01BB2B7C437A196D54786FB29D /* Sources */,
				DB2579052A0D91B99E558A5B149618AB /* Tests */,
				68CEFDF56AFC64B1881F5755E044FB5C /* Frameworks */,
				CA0CA3B539F9A93500640E77A2F0EB1C /* Products */,
			);
			indentWidth = 2;
			sourceTree = "<group>";
			tabWidth = 2;
			usesTabs = 0;
		};
		CA0CA3B539F9A93500640E77A2F0EB1C /* Products */ = {
			isa = PBXGroup;
			children = (
				9ACE22008AEB18C1C3E4993E1398D48D /* Validated.framework */,
				BC405DB25B1313E0F8243C6AED1D3A11 /* Validated.framework */,
				D2AC405222D592A3F1617C8EB0ED7C4A /* Validated.framework */,
				F375C187BAA37B71FFDA281709921111 /* Validated.framework */,
				FE4C96ECB5665ADDC7093F7CB1DDD32C /* ValidatedTests.xctest */,
				23A4A41F1E991DE40D9A0D5C7DC1C670 /* ValidatedTests.xctest */,
				A87A450A514F261A256C341EC4EE3BA3 /* ValidatedTests.xctest */,
				2FAC5D5E0F4198E1DF1EB616831CE0A6 /* ValidatedTests.xctest */,
			);
			name = Products;
			sourceTree = "<group>";
		};
		DB2579052A0D91B99E558A5B149618AB /* Tests */ = {
			isa = PBXGroup;
			children = (
				9A9D2D786AACCCC7639B2B8A09608701 /* ValidatedTests */,
			);
			path = Tests;
			sourceTree = "<group>";
		};
/* End PBXGroup section */

/* Begin PBXNativeTarget section */
		00E8407517BDD73E3388E3FAAC353852 /* ValidatedTests_macOS */ = {
			isa = PBXNativeTarget;
			buildConfigurationList = A23F918225095E85582C97082C98AFB1 /* Build configuration list for PBXNativeTarget "ValidatedTests_macOS" */;
			buildPhases = (
				26D8AC65A4915903014DB9993880DA08 /* Sources */,
				2AE89B925DDEC69AA8924A4BBB9EAA49 /* Frameworks */,
				35ED36370CC6DE91F1E18688FDEF4FDB /* Embed Frameworks */,
			);
			buildRules = (
			);
			dependencies = (
				6151C593A24D4E301B1B93F567EED3D9 /* PBXTargetDependency */,
			);
			name = ValidatedTests_macOS;
			productName = ValidatedTests_macOS;
			productReference = 23A4A41F1E991DE40D9A0D5C7DC1C670 /* ValidatedTests.xctest */;
			productType = "com.apple.product-type.bundle.unit-test";
		};
		06D33A01506A9B4AB08092D07E4B60B1 /* Validated_watchOS */ = {
			isa = PBXNativeTarget;
			buildConfigurationList = E6FD843B5F95C4F96722B3FF7EFA66A8 /* Build configuration list for PBXNativeTarget "Validated_watchOS" */;
			buildPhases = (
				9969799905D1E43E101CF2E9106F0C7D /* Sources */,
				F903FB3591C833A033DB34400DB58818 /* Frameworks */,
			);
			buildRules = (
			);
			dependencies = (
			);
			name = Validated_watchOS;
			productName = Validated_watchOS;
			productReference = F375C187BAA37B71FFDA281709921111 /* Validated.framework */;
			productType = "com.apple.product-type.framework";
		};
		2035FD98AA2F7D4DA20B9D83BAB3E32C /* ValidatedTests_watchOS */ = {
			isa = PBXNativeTarget;
			buildConfigurationList = 4C0D3C2FE3040640D8D35CF3F322629E /* Build configuration list for PBXNativeTarget "ValidatedTests_watchOS" */;
			buildPhases = (
				D31065C166C00E8B775C93FAAFC2BC34 /* Sources */,
				89479A865C94FE2E37C31E16135325F4 /* Frameworks */,
				F82B8BB263FC9A3FBC17AF04B657F881 /* Embed Frameworks */,
			);
			buildRules = (
			);
			dependencies = (
				B5C2AE4694060487F0092D491F5AC467 /* PBXTargetDependency */,
			);
			name = ValidatedTests_watchOS;
			productName = ValidatedTests_watchOS;
			productReference = 2FAC5D5E0F4198E1DF1EB616831CE0A6 /* ValidatedTests.xctest */;
			productType = "com.apple.product-type.bundle.unit-test";
		};
		20C5087CDD9C2054702327D5E6CFA655 /* ValidatedTests_tvOS */ = {
			isa = PBXNativeTarget;
			buildConfigurationList = 4CAE7F1BD14561B7E0392738F5BA0308 /* Build configuration list for PBXNativeTarget "ValidatedTests_tvOS" */;
			buildPhases = (
				CEC1C03F3317D91DF082C5F6E27B9F47 /* Sources */,
				129E7B712B5FB476B4B40C3E08250A3B /* Frameworks */,
				71C31D87025F1FEF38C76322707A4B3A /* Embed Frameworks */,
			);
			buildRules = (
			);
			dependencies = (
				A95E1ACD9067AECBB684D163A06F53F5 /* PBXTargetDependency */,
			);
			name = ValidatedTests_tvOS;
			productName = ValidatedTests_tvOS;
			productReference = A87A450A514F261A256C341EC4EE3BA3 /* ValidatedTests.xctest */;
			productType = "com.apple.product-type.bundle.unit-test";
		};
		2F6ACE5C9BA300856FB8FF6BFDD68AA7 /* Validated_iOS */ = {
			isa = PBXNativeTarget;
			buildConfigurationList = 2193DDB466CA1D5018D062193EB1CF41 /* Build configuration list for PBXNativeTarget "Validated_iOS" */;
			buildPhases = (
				5CAAAC4E7A24A67E898A6A9089E53724 /* Sources */,
				FFC986B0B47E0CD92398D08D258ED501 /* Frameworks */,
			);
			buildRules = (
			);
			dependencies = (
			);
			name = Validated_iOS;
			productName = Validated_iOS;
			productReference = 9ACE22008AEB18C1C3E4993E1398D48D /* Validated.framework */;
			productType = "com.apple.product-type.framework";
		};
		D220175CA70961ACF4153F3EA11D9164 /* ValidatedTests_iOS */ = {
			isa = PBXNativeTarget;
			buildConfigurationList = 68F8A79FDE2F354FF7FFE624CB85044B /* Build configuration list for PBXNativeTarget "ValidatedTests_iOS" */;
			buildPhases = (
				89584D5031425E542191E0500921EE31 /* Sources */,
				452BB6EC8149D5D2B86B4785E4E0F4F8 /* Frameworks */,
				54BCED7BA8CC5E3442B514245151F880 /* Embed Frameworks */,
			);
			buildRules = (
			);
			dependencies = (
				3DD3E5EA23951B292576040A1A0D68DB /* PBXTargetDependency */,
			);
			name = ValidatedTests_iOS;
			productName = ValidatedTests_iOS;
			productReference = FE4C96ECB5665ADDC7093F7CB1DDD32C /* ValidatedTests.xctest */;
			productType = "com.apple.product-type.bundle.unit-test";
		};
		D58A2D5475865F4D717E15222781D8F8 /* Validated_macOS */ = {
			isa = PBXNativeTarget;
			buildConfigurationList = 114E3E450453901035F204B4DCD4AFA5 /* Build configuration list for PBXNativeTarget "Validated_macOS" */;
			buildPhases = (
				842904482AD7AFD2B87A2F4B9FAC85A4 /* Sources */,
				1A8B3AC2C747D0E71C7C2B7E66416347 /* Frameworks */,
			);
			buildRules = (
			);
			dependencies = (
			);
			name = Validated_macOS;
			productName = Validated_macOS;
			productReference = BC405DB25B1313E0F8243C6AED1D3A11 /* Validated.framework */;
			productType = "com.apple.product-type.framework";
		};
		D7A3F852E2A2D9490DA2A630A2E58C27 /* Validated_tvOS */ = {
			isa = PBXNativeTarget;
			buildConfigurationList = 763F64480AA18EE3184C4FC030DE8B82 /* Build configuration list for PBXNativeTarget "Validated_tvOS" */;
			buildPhases = (
				F628581C4C1AE0C754049912622DCB09 /* Sources */,
				D4379DB6D5BC4D01CF788F7C77C1E419 /* Frameworks */,
			);
			buildRules = (
			);
			dependencies = (
			);
			name = Validated_tvOS;
			productName = Validated_tvOS;
			productReference = D2AC405222D592A3F1617C8EB0ED7C4A /* Validated.framework */;
			productType = "com.apple.product-type.framework";
		};
/* End PBXNativeTarget section */

/* Begin PBXProject section */
		9890090648F139E3A72503850615EAE6 /* Project object */ = {
			isa = PBXProject;
			attributes = {
				LastUpgradeCheck = 1000;
			};
			buildConfigurationList = 3ACDCBDD4A22D8EE97E359912FEBCDF3 /* Build configuration list for PBXProject "Validated" */;
			compatibilityVersion = "Xcode 9.3";
			developmentRegion = en;
			hasScannedForEncodings = 0;
			knownRegions = (
				en,
			);
			mainGroup = C32D1238C875AA58EE8DB2A3406BE550;
			projectDirPath = "";
			projectRoot = "";
			targets = (
				D220175CA70961ACF4153F3EA11D9164 /* ValidatedTests_iOS */,
				00E8407517BDD73E3388E3FAAC353852 /* ValidatedTests_macOS */,
				20C5087CDD9C2054702327D5E6CFA655 /* ValidatedTests_tvOS */,
				2035FD98AA2F7D4DA20B9D83BAB3E32C /* ValidatedTests_watchOS */,
				2F6ACE5C9BA300856FB8FF6BFDD68AA7 /* Validated_iOS */,
				D58A2D5475865F4D717E15222781D8F8 /* Validated_macOS */,
				D7A3F852E2A2D9490DA2A630A2E58C27 /* Validated_tvOS */,
				06D33A01506A9B4AB08092D07E4B60B1 /* Validated_watchOS */,
			);
		};
/* End PBXProject section */

/* Begin PBXSourcesBuildPhase section */
		26D8AC65A4915903014DB9993880DA08 /* Sources */ = {
			isa = PBXSourcesBuildPhase;
			buildActionMask = 2147483647;
			files = (
				78C2784DE8BF11788B24F8B24FBD168E /* ValidatedTests.swift in Sources */,
			);
			runOnlyForDeploymentPostprocessing = 0;
		};
		5CAAAC4E7A24A67E898A6A9089E53724 /* Sources */ = {
			isa = PBXSourcesBuildPhase;
			buildActionMask = 2147483647;
			files = (
				FBB8FEE3DB85098C421DE988E75C1745 /* Validated.swift in Sources */,
				C34A2B4EE7048FCBEDB38743548B3338 /* Zips.swift in Sources */,
			);
			runOnlyForDeploymentPostprocessing = 0;
		};
		842904482AD7AFD2B87A2F4B9FAC85A4 /* Sources */ = {
			isa = PBXSourcesBuildPhase;
			buildActionMask = 2147483647;
			files = (
				2B138F74204C025ECAB0DE8346F5B8EB /* Validated.swift in Sources */,
				161177C94B6CF1266DF37E2A104324EC /* Zips.swift in Sources */,
			);
			runOnlyForDeploymentPostprocessing = 0;
		};
		89584D5031425E542191E0500921EE31 /* Sources */ = {
			isa = PBXSourcesBuildPhase;
			buildActionMask = 2147483647;
			files = (
				1D772AB8194D2F1BA0BB3457568C8412 /* ValidatedTests.swift in Sources */,
			);
			runOnlyForDeploymentPostprocessing = 0;
		};
		9969799905D1E43E101CF2E9106F0C7D /* Sources */ = {
			isa = PBXSourcesBuildPhase;
			buildActionMask = 2147483647;
			files = (
				C32CBBA8B2D7664326FB1B58FDE47B41 /* Validated.swift in Sources */,
				AF0BE6071ACFA9E950383F9E556F7529 /* Zips.swift in Sources */,
			);
			runOnlyForDeploymentPostprocessing = 0;
		};
		CEC1C03F3317D91DF082C5F6E27B9F47 /* Sources */ = {
			isa = PBXSourcesBuildPhase;
			buildActionMask = 2147483647;
			files = (
				9C60499CC4E778424BAFE134DAF1209A /* ValidatedTests.swift in Sources */,
			);
			runOnlyForDeploymentPostprocessing = 0;
		};
		D31065C166C00E8B775C93FAAFC2BC34 /* Sources */ = {
			isa = PBXSourcesBuildPhase;
			buildActionMask = 2147483647;
			files = (
				2E5BFD3E54DF5AA51CA8463B80B30DA6 /* ValidatedTests.swift in Sources */,
			);
			runOnlyForDeploymentPostprocessing = 0;
		};
		F628581C4C1AE0C754049912622DCB09 /* Sources */ = {
			isa = PBXSourcesBuildPhase;
			buildActionMask = 2147483647;
			files = (
				617DFB29800A5CDDCC72B67BD7EED04F /* Validated.swift in Sources */,
				87394236E96EA3600D2757D7B5E99690 /* Zips.swift in Sources */,
			);
			runOnlyForDeploymentPostprocessing = 0;
		};
/* End PBXSourcesBuildPhase section */

/* Begin PBXTargetDependency section */
		3DD3E5EA23951B292576040A1A0D68DB /* PBXTargetDependency */ = {
			isa = PBXTargetDependency;
			target = 2F6ACE5C9BA300856FB8FF6BFDD68AA7 /* Validated_iOS */;
			targetProxy = 96BCBFD42376B480B793FCD165514D1F /* PBXContainerItemProxy */;
		};
		6151C593A24D4E301B1B93F567EED3D9 /* PBXTargetDependency */ = {
			isa = PBXTargetDependency;
			target = D58A2D5475865F4D717E15222781D8F8 /* Validated_macOS */;
			targetProxy = D83F390DEC68CBAB96FBAD4569B45283 /* PBXContainerItemProxy */;
		};
		A95E1ACD9067AECBB684D163A06F53F5 /* PBXTargetDependency */ = {
			isa = PBXTargetDependency;
			target = D7A3F852E2A2D9490DA2A630A2E58C27 /* Validated_tvOS */;
			targetProxy = 355B30DF1BC00270BC236F5A7D1304AF /* PBXContainerItemProxy */;
		};
		B5C2AE4694060487F0092D491F5AC467 /* PBXTargetDependency */ = {
			isa = PBXTargetDependency;
			target = 06D33A01506A9B4AB08092D07E4B60B1 /* Validated_watchOS */;
			targetProxy = AB85AE1B699F23D3D70474A3439B47AE /* PBXContainerItemProxy */;
		};
/* End PBXTargetDependency section */

/* Begin XCBuildConfiguration section */
		07B50BDF033D5132F3967DFAE7D47A7A /* Release */ = {
			isa = XCBuildConfiguration;
			buildSettings = {
				BUNDLE_LOADER = "$(TEST_HOST)";
				LD_RUNPATH_SEARCH_PATHS = "$(inherited) @executable_path/Frameworks @loader_path/Frameworks";
				PRODUCT_BUNDLE_IDENTIFIER = "co.pointfree.ValidatedTests-iOS";
				PRODUCT_NAME = ValidatedTests;
				SDKROOT = iphoneos;
				TARGETED_DEVICE_FAMILY = "1,2";
			};
			name = Release;
		};
		084478C1C63FB9C63E77E8A0F0D000B7 /* Debug */ = {
			isa = XCBuildConfiguration;
			buildSettings = {
				BUNDLE_LOADER = "$(TEST_HOST)";
				LD_RUNPATH_SEARCH_PATHS = "$(inherited) @executable_path/Frameworks @loader_path/Frameworks";
				PRODUCT_BUNDLE_IDENTIFIER = "co.pointfree.ValidatedTests-iOS";
				PRODUCT_NAME = ValidatedTests;
				SDKROOT = iphoneos;
				TARGETED_DEVICE_FAMILY = "1,2";
			};
			name = Debug;
		};
		0F9690436AF1B198A37531902F0DBF24 /* Debug */ = {
			isa = XCBuildConfiguration;
			buildSettings = {
				CODE_SIGN_IDENTITY = "";
				CURRENT_PROJECT_VERSION = 1;
				DEFINES_MODULE = YES;
				DYLIB_COMPATIBILITY_VERSION = 1;
				DYLIB_CURRENT_VERSION = 1;
				DYLIB_INSTALL_NAME_BASE = "@rpath";
				FRAMEWORK_SEARCH_PATHS = (
					"$(inherited)",
					"\".\"",
				);
				INFOPLIST_FILE = Info.plist;
				INSTALL_PATH = "$(LOCAL_LIBRARY_DIR)/Frameworks";
				PRODUCT_BUNDLE_IDENTIFIER = "co.pointfree.Validated-watchOS";
				PRODUCT_NAME = Validated;
				SDKROOT = watchos;
				SKIP_INSTALL = YES;
				TARGETED_DEVICE_FAMILY = 4;
				VERSIONING_SYSTEM = "apple-generic";
			};
			name = Debug;
		};
		1D026E48886AC7B9A340E192E6026D0D /* Release */ = {
			isa = XCBuildConfiguration;
			buildSettings = {
				CODE_SIGN_IDENTITY = "";
				COMBINE_HIDPI_IMAGES = YES;
				CURRENT_PROJECT_VERSION = 1;
				DEFINES_MODULE = YES;
				DYLIB_COMPATIBILITY_VERSION = 1;
				DYLIB_CURRENT_VERSION = 1;
				DYLIB_INSTALL_NAME_BASE = "@rpath";
				FRAMEWORK_SEARCH_PATHS = (
					"$(inherited)",
					"\".\"",
				);
				INFOPLIST_FILE = Info.plist;
				INSTALL_PATH = "$(LOCAL_LIBRARY_DIR)/Frameworks";
				LD_RUNPATH_SEARCH_PATHS = "$(inherited) @executable_path/../Frameworks";
				PRODUCT_BUNDLE_IDENTIFIER = "co.pointfree.Validated-macOS";
				PRODUCT_NAME = Validated;
				SDKROOT = macosx;
				SKIP_INSTALL = YES;
				VERSIONING_SYSTEM = "apple-generic";
			};
			name = Release;
		};
		2CFC285EF4CB3A9227C00EE035BCCA68 /* Debug */ = {
			isa = XCBuildConfiguration;
			buildSettings = {
				CODE_SIGN_IDENTITY = "";
				CURRENT_PROJECT_VERSION = 1;
				DEFINES_MODULE = YES;
				DYLIB_COMPATIBILITY_VERSION = 1;
				DYLIB_CURRENT_VERSION = 1;
				DYLIB_INSTALL_NAME_BASE = "@rpath";
				FRAMEWORK_SEARCH_PATHS = (
					"$(inherited)",
					"\".\"",
				);
				INFOPLIST_FILE = Info.plist;
				INSTALL_PATH = "$(LOCAL_LIBRARY_DIR)/Frameworks";
				LD_RUNPATH_SEARCH_PATHS = "$(inherited) @executable_path/Frameworks";
				PRODUCT_BUNDLE_IDENTIFIER = "co.pointfree.Validated-tvOS";
				PRODUCT_NAME = Validated;
				SDKROOT = appletvos;
				SKIP_INSTALL = YES;
				TARGETED_DEVICE_FAMILY = 3;
				VERSIONING_SYSTEM = "apple-generic";
			};
			name = Debug;
		};
		60D8738708F97ADD9FE30B9157B19DAB /* Debug */ = {
			isa = XCBuildConfiguration;
			buildSettings = {
				CODE_SIGN_IDENTITY = "";
				COMBINE_HIDPI_IMAGES = YES;
				CURRENT_PROJECT_VERSION = 1;
				DEFINES_MODULE = YES;
				DYLIB_COMPATIBILITY_VERSION = 1;
				DYLIB_CURRENT_VERSION = 1;
				DYLIB_INSTALL_NAME_BASE = "@rpath";
				FRAMEWORK_SEARCH_PATHS = (
					"$(inherited)",
					"\".\"",
				);
				INFOPLIST_FILE = Info.plist;
				INSTALL_PATH = "$(LOCAL_LIBRARY_DIR)/Frameworks";
				LD_RUNPATH_SEARCH_PATHS = "$(inherited) @executable_path/../Frameworks";
				PRODUCT_BUNDLE_IDENTIFIER = "co.pointfree.Validated-macOS";
				PRODUCT_NAME = Validated;
				SDKROOT = macosx;
				SKIP_INSTALL = YES;
				VERSIONING_SYSTEM = "apple-generic";
			};
			name = Debug;
		};
		6563451FBE3C209573A649E64B233B5E /* Release */ = {
			isa = XCBuildConfiguration;
			buildSettings = {
				CODE_SIGN_IDENTITY = "";
				CURRENT_PROJECT_VERSION = 1;
				DEFINES_MODULE = YES;
				DYLIB_COMPATIBILITY_VERSION = 1;
				DYLIB_CURRENT_VERSION = 1;
				DYLIB_INSTALL_NAME_BASE = "@rpath";
				FRAMEWORK_SEARCH_PATHS = (
					"$(inherited)",
					"\".\"",
				);
				INFOPLIST_FILE = Info.plist;
				INSTALL_PATH = "$(LOCAL_LIBRARY_DIR)/Frameworks";
				LD_RUNPATH_SEARCH_PATHS = "$(inherited) @executable_path/Frameworks";
				PRODUCT_BUNDLE_IDENTIFIER = "co.pointfree.Validated-tvOS";
				PRODUCT_NAME = Validated;
				SDKROOT = appletvos;
				SKIP_INSTALL = YES;
				TARGETED_DEVICE_FAMILY = 3;
				VERSIONING_SYSTEM = "apple-generic";
			};
			name = Release;
		};
		673AA390DE078E25B3E6D74F969AE5A3 /* Release */ = {
			isa = XCBuildConfiguration;
			buildSettings = {
				BUNDLE_LOADER = "$(TEST_HOST)";
				COMBINE_HIDPI_IMAGES = YES;
				LD_RUNPATH_SEARCH_PATHS = "$(inherited) @executable_path/../Frameworks @loader_path/../Frameworks";
				PRODUCT_BUNDLE_IDENTIFIER = "co.pointfree.ValidatedTests-macOS";
				PRODUCT_NAME = ValidatedTests;
				SDKROOT = macosx;
			};
			name = Release;
		};
		6F872060E9122F8E4A919C83D0180D29 /* Release */ = {
			isa = XCBuildConfiguration;
			buildSettings = {
				CODE_SIGN_IDENTITY = "";
				CURRENT_PROJECT_VERSION = 1;
				DEFINES_MODULE = YES;
				DYLIB_COMPATIBILITY_VERSION = 1;
				DYLIB_CURRENT_VERSION = 1;
				DYLIB_INSTALL_NAME_BASE = "@rpath";
				FRAMEWORK_SEARCH_PATHS = (
					"$(inherited)",
					"\".\"",
				);
				INFOPLIST_FILE = Info.plist;
				INSTALL_PATH = "$(LOCAL_LIBRARY_DIR)/Frameworks";
				LD_RUNPATH_SEARCH_PATHS = "$(inherited) @executable_path/Frameworks";
				PRODUCT_BUNDLE_IDENTIFIER = "co.pointfree.Validated-iOS";
				PRODUCT_NAME = Validated;
				SDKROOT = iphoneos;
				SKIP_INSTALL = YES;
				TARGETED_DEVICE_FAMILY = "1,2";
				VERSIONING_SYSTEM = "apple-generic";
			};
			name = Release;
		};
		73D232112505C9EC9543306397DF0D0D /* Release */ = {
			isa = XCBuildConfiguration;
			buildSettings = {
				CODE_SIGN_IDENTITY = "";
				CURRENT_PROJECT_VERSION = 1;
				DEFINES_MODULE = YES;
				DYLIB_COMPATIBILITY_VERSION = 1;
				DYLIB_CURRENT_VERSION = 1;
				DYLIB_INSTALL_NAME_BASE = "@rpath";
				FRAMEWORK_SEARCH_PATHS = (
					"$(inherited)",
					"\".\"",
				);
				INFOPLIST_FILE = Info.plist;
				INSTALL_PATH = "$(LOCAL_LIBRARY_DIR)/Frameworks";
				PRODUCT_BUNDLE_IDENTIFIER = "co.pointfree.Validated-watchOS";
				PRODUCT_NAME = Validated;
				SDKROOT = watchos;
				SKIP_INSTALL = YES;
				TARGETED_DEVICE_FAMILY = 4;
				VERSIONING_SYSTEM = "apple-generic";
			};
			name = Release;
		};
		81EF9918210BAADB2B919FBBEE81BFBF /* Debug */ = {
			isa = XCBuildConfiguration;
			buildSettings = {
				ALWAYS_SEARCH_USER_PATHS = NO;
				CLANG_ANALYZER_NONNULL = YES;
				CLANG_ANALYZER_NUMBER_OBJECT_CONVERSION = YES_AGGRESSIVE;
				CLANG_CXX_LANGUAGE_STANDARD = "gnu++14";
				CLANG_CXX_LIBRARY = "libc++";
				CLANG_ENABLE_MODULES = YES;
				CLANG_ENABLE_OBJC_ARC = YES;
				CLANG_WARN_BLOCK_CAPTURE_AUTORELEASING = YES;
				CLANG_WARN_BOOL_CONVERSION = YES;
				CLANG_WARN_COMMA = YES;
				CLANG_WARN_CONSTANT_CONVERSION = YES;
				CLANG_WARN_DEPRECATED_OBJC_IMPLEMENTATIONS = YES;
				CLANG_WARN_DIRECT_OBJC_ISA_USAGE = YES_ERROR;
				CLANG_WARN_DOCUMENTATION_COMMENTS = YES;
				CLANG_WARN_EMPTY_BODY = YES;
				CLANG_WARN_ENUM_CONVERSION = YES;
				CLANG_WARN_INFINITE_RECURSION = YES;
				CLANG_WARN_INT_CONVERSION = YES;
				CLANG_WARN_NON_LITERAL_NULL_CONVERSION = YES;
				CLANG_WARN_OBJC_IMPLICIT_RETAIN_SELF = YES;
				CLANG_WARN_OBJC_LITERAL_CONVERSION = YES;
				CLANG_WARN_OBJC_ROOT_CLASS = YES_ERROR;
				CLANG_WARN_RANGE_LOOP_ANALYSIS = YES;
				CLANG_WARN_STRICT_PROTOTYPES = YES;
				CLANG_WARN_SUSPICIOUS_MOVE = YES;
				CLANG_WARN_UNGUARDED_AVAILABILITY = YES_AGGRESSIVE;
				CLANG_WARN_UNREACHABLE_CODE = YES;
				CLANG_WARN__DUPLICATE_METHOD_MATCH = YES;
				COPY_PHASE_STRIP = NO;
				DEBUG_INFORMATION_FORMAT = dwarf;
				ENABLE_STRICT_OBJC_MSGSEND = YES;
				ENABLE_TESTABILITY = YES;
				GCC_C_LANGUAGE_STANDARD = gnu11;
				GCC_DYNAMIC_NO_PIC = NO;
				GCC_NO_COMMON_BLOCKS = YES;
				GCC_OPTIMIZATION_LEVEL = 0;
				GCC_PREPROCESSOR_DEFINITIONS = (
					"$(inherited)",
					"DEBUG=1",
				);
				GCC_WARN_64_TO_32_BIT_CONVERSION = YES;
				GCC_WARN_ABOUT_RETURN_TYPE = YES_ERROR;
				GCC_WARN_UNDECLARED_SELECTOR = YES;
				GCC_WARN_UNINITIALIZED_AUTOS = YES_AGGRESSIVE;
				GCC_WARN_UNUSED_FUNCTION = YES;
				GCC_WARN_UNUSED_VARIABLE = YES;
				IPHONEOS_DEPLOYMENT_TARGET = 8.0;
				MACOSX_DEPLOYMENT_TARGET = 10.9;
				MTL_ENABLE_DEBUG_INFO = YES;
				ONLY_ACTIVE_ARCH = YES;
				PRODUCT_NAME = "$(TARGET_NAME)";
				SWIFT_ACTIVE_COMPILATION_CONDITIONS = DEBUG;
				SWIFT_OPTIMIZATION_LEVEL = "-Onone";
				SWIFT_VERSION = 4.2;
				TVOS_DEPLOYMENT_TARGET = 9.0;
				WATCHOS_DEPLOYMENT_TARGET = 2.0;
			};
			name = Debug;
		};
		877BD5C7381FCAEB2DB2A43092DA66EC /* Debug */ = {
			isa = XCBuildConfiguration;
			buildSettings = {
				BUNDLE_LOADER = "$(TEST_HOST)";
				LD_RUNPATH_SEARCH_PATHS = "$(inherited) @executable_path/Frameworks @loader_path/Frameworks";
				PRODUCT_BUNDLE_IDENTIFIER = "co.pointfree.ValidatedTests-watchOS";
				PRODUCT_NAME = ValidatedTests;
				SDKROOT = watchos;
				SKIP_INSTALL = YES;
				TARGETED_DEVICE_FAMILY = 4;
			};
			name = Debug;
		};
		B030523D24A6C1FADD751AE71C3729E8 /* Debug */ = {
			isa = XCBuildConfiguration;
			buildSettings = {
				BUNDLE_LOADER = "$(TEST_HOST)";
				LD_RUNPATH_SEARCH_PATHS = "$(inherited) @executable_path/Frameworks @loader_path/Frameworks";
				PRODUCT_BUNDLE_IDENTIFIER = "co.pointfree.ValidatedTests-tvOS";
				PRODUCT_NAME = ValidatedTests;
				SDKROOT = appletvos;
				TARGETED_DEVICE_FAMILY = 3;
			};
			name = Debug;
		};
		B7C5A000355EDAAC338A140FBB3853BA /* Release */ = {
			isa = XCBuildConfiguration;
			buildSettings = {
				ALWAYS_SEARCH_USER_PATHS = NO;
				CLANG_ANALYZER_NONNULL = YES;
				CLANG_ANALYZER_NUMBER_OBJECT_CONVERSION = YES_AGGRESSIVE;
				CLANG_CXX_LANGUAGE_STANDARD = "gnu++14";
				CLANG_CXX_LIBRARY = "libc++";
				CLANG_ENABLE_MODULES = YES;
				CLANG_ENABLE_OBJC_ARC = YES;
				CLANG_WARN_BLOCK_CAPTURE_AUTORELEASING = YES;
				CLANG_WARN_BOOL_CONVERSION = YES;
				CLANG_WARN_COMMA = YES;
				CLANG_WARN_CONSTANT_CONVERSION = YES;
				CLANG_WARN_DEPRECATED_OBJC_IMPLEMENTATIONS = YES;
				CLANG_WARN_DIRECT_OBJC_ISA_USAGE = YES_ERROR;
				CLANG_WARN_DOCUMENTATION_COMMENTS = YES;
				CLANG_WARN_EMPTY_BODY = YES;
				CLANG_WARN_ENUM_CONVERSION = YES;
				CLANG_WARN_INFINITE_RECURSION = YES;
				CLANG_WARN_INT_CONVERSION = YES;
				CLANG_WARN_NON_LITERAL_NULL_CONVERSION = YES;
				CLANG_WARN_OBJC_IMPLICIT_RETAIN_SELF = YES;
				CLANG_WARN_OBJC_LITERAL_CONVERSION = YES;
				CLANG_WARN_OBJC_ROOT_CLASS = YES_ERROR;
				CLANG_WARN_RANGE_LOOP_ANALYSIS = YES;
				CLANG_WARN_STRICT_PROTOTYPES = YES;
				CLANG_WARN_SUSPICIOUS_MOVE = YES;
				CLANG_WARN_UNGUARDED_AVAILABILITY = YES_AGGRESSIVE;
				CLANG_WARN_UNREACHABLE_CODE = YES;
				CLANG_WARN__DUPLICATE_METHOD_MATCH = YES;
				COPY_PHASE_STRIP = NO;
				DEBUG_INFORMATION_FORMAT = "dwarf-with-dsym";
				ENABLE_NS_ASSERTIONS = NO;
				ENABLE_STRICT_OBJC_MSGSEND = YES;
				GCC_C_LANGUAGE_STANDARD = gnu11;
				GCC_NO_COMMON_BLOCKS = YES;
				GCC_WARN_64_TO_32_BIT_CONVERSION = YES;
				GCC_WARN_ABOUT_RETURN_TYPE = YES_ERROR;
				GCC_WARN_UNDECLARED_SELECTOR = YES;
				GCC_WARN_UNINITIALIZED_AUTOS = YES_AGGRESSIVE;
				GCC_WARN_UNUSED_FUNCTION = YES;
				GCC_WARN_UNUSED_VARIABLE = YES;
				IPHONEOS_DEPLOYMENT_TARGET = 8.0;
				MACOSX_DEPLOYMENT_TARGET = 10.9;
				PRODUCT_NAME = "$(TARGET_NAME)";
				SWIFT_OPTIMIZATION_LEVEL = "-Owholemodule";
				SWIFT_VERSION = 4.2;
				TVOS_DEPLOYMENT_TARGET = 9.0;
				VALIDATE_PRODUCT = YES;
				WATCHOS_DEPLOYMENT_TARGET = 2.0;
			};
			name = Release;
		};
		BD1BFE58B484088227B177824F5424E8 /* Debug */ = {
			isa = XCBuildConfiguration;
			buildSettings = {
				CODE_SIGN_IDENTITY = "";
				CURRENT_PROJECT_VERSION = 1;
				DEFINES_MODULE = YES;
				DYLIB_COMPATIBILITY_VERSION = 1;
				DYLIB_CURRENT_VERSION = 1;
				DYLIB_INSTALL_NAME_BASE = "@rpath";
				FRAMEWORK_SEARCH_PATHS = (
					"$(inherited)",
					"\".\"",
				);
				INFOPLIST_FILE = Info.plist;
				INSTALL_PATH = "$(LOCAL_LIBRARY_DIR)/Frameworks";
				LD_RUNPATH_SEARCH_PATHS = "$(inherited) @executable_path/Frameworks";
				PRODUCT_BUNDLE_IDENTIFIER = "co.pointfree.Validated-iOS";
				PRODUCT_NAME = Validated;
				SDKROOT = iphoneos;
				SKIP_INSTALL = YES;
				TARGETED_DEVICE_FAMILY = "1,2";
				VERSIONING_SYSTEM = "apple-generic";
			};
			name = Debug;
		};
		C0A840C3C948B97CA29117DB885375AD /* Release */ = {
			isa = XCBuildConfiguration;
			buildSettings = {
				BUNDLE_LOADER = "$(TEST_HOST)";
				LD_RUNPATH_SEARCH_PATHS = "$(inherited) @executable_path/Frameworks @loader_path/Frameworks";
				PRODUCT_BUNDLE_IDENTIFIER = "co.pointfree.ValidatedTests-tvOS";
				PRODUCT_NAME = ValidatedTests;
				SDKROOT = appletvos;
				TARGETED_DEVICE_FAMILY = 3;
			};
			name = Release;
		};
		C299D698F1F54C709ACD90000A7162A1 /* Release */ = {
			isa = XCBuildConfiguration;
			buildSettings = {
				BUNDLE_LOADER = "$(TEST_HOST)";
				LD_RUNPATH_SEARCH_PATHS = "$(inherited) @executable_path/Frameworks @loader_path/Frameworks";
				PRODUCT_BUNDLE_IDENTIFIER = "co.pointfree.ValidatedTests-watchOS";
				PRODUCT_NAME = ValidatedTests;
				SDKROOT = watchos;
				SKIP_INSTALL = YES;
				TARGETED_DEVICE_FAMILY = 4;
			};
			name = Release;
		};
		F473E4E3C7ACEC5CE8223189F2F623C5 /* Debug */ = {
			isa = XCBuildConfiguration;
			buildSettings = {
				BUNDLE_LOADER = "$(TEST_HOST)";
				COMBINE_HIDPI_IMAGES = YES;
				LD_RUNPATH_SEARCH_PATHS = "$(inherited) @executable_path/../Frameworks @loader_path/../Frameworks";
				PRODUCT_BUNDLE_IDENTIFIER = "co.pointfree.ValidatedTests-macOS";
				PRODUCT_NAME = ValidatedTests;
				SDKROOT = macosx;
			};
			name = Debug;
		};
/* End XCBuildConfiguration section */

/* Begin XCConfigurationList section */
		114E3E450453901035F204B4DCD4AFA5 /* Build configuration list for PBXNativeTarget "Validated_macOS" */ = {
			isa = XCConfigurationList;
			buildConfigurations = (
				60D8738708F97ADD9FE30B9157B19DAB /* Debug */,
				1D026E48886AC7B9A340E192E6026D0D /* Release */,
			);
			defaultConfigurationIsVisible = 0;
			defaultConfigurationName = "";
		};
		2193DDB466CA1D5018D062193EB1CF41 /* Build configuration list for PBXNativeTarget "Validated_iOS" */ = {
			isa = XCConfigurationList;
			buildConfigurations = (
				BD1BFE58B484088227B177824F5424E8 /* Debug */,
				6F872060E9122F8E4A919C83D0180D29 /* Release */,
			);
			defaultConfigurationIsVisible = 0;
			defaultConfigurationName = "";
		};
		3ACDCBDD4A22D8EE97E359912FEBCDF3 /* Build configuration list for PBXProject "Validated" */ = {
			isa = XCConfigurationList;
			buildConfigurations = (
				81EF9918210BAADB2B919FBBEE81BFBF /* Debug */,
				B7C5A000355EDAAC338A140FBB3853BA /* Release */,
			);
			defaultConfigurationIsVisible = 0;
			defaultConfigurationName = Debug;
		};
		4C0D3C2FE3040640D8D35CF3F322629E /* Build configuration list for PBXNativeTarget "ValidatedTests_watchOS" */ = {
			isa = XCConfigurationList;
			buildConfigurations = (
				877BD5C7381FCAEB2DB2A43092DA66EC /* Debug */,
				C299D698F1F54C709ACD90000A7162A1 /* Release */,
			);
			defaultConfigurationIsVisible = 0;
			defaultConfigurationName = "";
		};
		4CAE7F1BD14561B7E0392738F5BA0308 /* Build configuration list for PBXNativeTarget "ValidatedTests_tvOS" */ = {
			isa = XCConfigurationList;
			buildConfigurations = (
				B030523D24A6C1FADD751AE71C3729E8 /* Debug */,
				C0A840C3C948B97CA29117DB885375AD /* Release */,
			);
			defaultConfigurationIsVisible = 0;
			defaultConfigurationName = "";
		};
		68F8A79FDE2F354FF7FFE624CB85044B /* Build configuration list for PBXNativeTarget "ValidatedTests_iOS" */ = {
			isa = XCConfigurationList;
			buildConfigurations = (
				084478C1C63FB9C63E77E8A0F0D000B7 /* Debug */,
				07B50BDF033D5132F3967DFAE7D47A7A /* Release */,
			);
			defaultConfigurationIsVisible = 0;
			defaultConfigurationName = "";
		};
		763F64480AA18EE3184C4FC030DE8B82 /* Build configuration list for PBXNativeTarget "Validated_tvOS" */ = {
			isa = XCConfigurationList;
			buildConfigurations = (
				2CFC285EF4CB3A9227C00EE035BCCA68 /* Debug */,
				6563451FBE3C209573A649E64B233B5E /* Release */,
			);
			defaultConfigurationIsVisible = 0;
			defaultConfigurationName = "";
		};
		A23F918225095E85582C97082C98AFB1 /* Build configuration list for PBXNativeTarget "ValidatedTests_macOS" */ = {
			isa = XCConfigurationList;
			buildConfigurations = (
				F473E4E3C7ACEC5CE8223189F2F623C5 /* Debug */,
				673AA390DE078E25B3E6D74F969AE5A3 /* Release */,
			);
			defaultConfigurationIsVisible = 0;
			defaultConfigurationName = "";
		};
		E6FD843B5F95C4F96722B3FF7EFA66A8 /* Build configuration list for PBXNativeTarget "Validated_watchOS" */ = {
			isa = XCConfigurationList;
			buildConfigurations = (
				0F9690436AF1B198A37531902F0DBF24 /* Debug */,
				73D232112505C9EC9543306397DF0D0D /* Release */,
			);
			defaultConfigurationIsVisible = 0;
			defaultConfigurationName = "";
		};
/* End XCConfigurationList section */
	};
	rootObject = 9890090648F139E3A72503850615EAE6 /* Project object */;
}
